
Microsoft Visual Studio Solution File, Format Version 12.00
# Visual Studio Version 17
VisualStudioVersion = 17.3.32505.426
MinimumVisualStudioVersion = 10.0.40219.1
Project("{9A19103F-16F7-4668-BE54-9A1E7A4F7556}") = "ICEBG.Client", "ICEBG.Client\ICEBG.Client.csproj", "{761AE611-7830-4F4E-A24E-551ED7F5F648}"
EndProject
Project("{9A19103F-16F7-4668-BE54-9A1E7A4F7556}") = "ICEBG.Web.DataServices", "ICEBG.Web.DataServices\ICEBG.Web.DataServices.csproj", "{FB1C1BEB-8D2E-437D-A815-80293A2B7936}"
EndProject
Project("{9A19103F-16F7-4668-BE54-9A1E7A4F7556}") = "ICEBG.Web.UserInterface", "ICEBG.Web.UserInterface\ICEBG.Web.UserInterface.csproj", "{500BC488-DCA5-4A8C-9461-F2506D8E410C}"
EndProject
Project("{2150E333-8FDC-42A3-9474-1A3956D46DE8}") = "Deployed projects", "Deployed projects", "{3CD20226-A598-40E4-AA51-BAF056124CA9}"
EndProject
Project("{2150E333-8FDC-42A3-9474-1A3956D46DE8}") = "Utilities", "Utilities", "{9886105C-5495-40DF-99F0-EE0D030ED66D}"
EndProject
Project("{9A19103F-16F7-4668-BE54-9A1E7A4F7556}") = "DataTier", "DataTier\DataTier.csproj", "{A4683728-F7FC-4A70-8D49-E4B9B062ABAF}"
EndProject
Project("{9A19103F-16F7-4668-BE54-9A1E7A4F7556}") = "GenerateDataTier", "GenerateDataTier\GenerateDataTier.csproj", "{F38658D0-D084-4266-BB67-35427D70DF5D}"
EndProject
Project("{9A19103F-16F7-4668-BE54-9A1E7A4F7556}") = "GeneratorUtilities", "GeneratorUtilities\GeneratorUtilities.csproj", "{C5D84A57-8A0F-484A-997F-B563547FB934}"
EndProject
Project("{9A19103F-16F7-4668-BE54-9A1E7A4F7556}") = "SystemFramework", "SystemFramework\SystemFramework.csproj", "{3F2AEEC4-C240-4960-85FF-5496863A37EF}"
EndProject
Project("{9A19103F-16F7-4668-BE54-9A1E7A4F7556}") = "SharedUtilities", "SharedUtilities\SharedUtilities.csproj", "{3CD27E1E-BFF2-4F33-AB9D-CF43216B2805}"
EndProject
Project("{2150E333-8FDC-42A3-9474-1A3956D46DE8}") = ".Solution Items", ".Solution Items", "{DAF1AC3D-387B-4D7D-8446-5160AADAA0A6}"
	ProjectSection(SolutionItems) = preProject
		NuGet.Config = NuGet.Config
		SuperClean.cmd = SuperClean.cmd
	EndProjectSection
EndProject
Project("{E53339B2-1760-4266-BCC7-CA923CBCF16C}") = "ICEBG.Web.DataServices.Compose", "ICEBG.Web.DataServices.Compose.dcproj", "{F18859F4-5701-4F0E-9A59-CB0B9E3DDCFE}"
EndProject
Project("{E53339B2-1760-4266-BCC7-CA923CBCF16C}") = "ICEBG.Web.UserInterface.Compose", "ICEBG.Web.UserInterface.Compose.dcproj", "{45FB5112-D2AD-41E9-AE8B-26B78F6D213F}"
EndProject
Project("{E53339B2-1760-4266-BCC7-CA923CBCF16C}") = "docker-compose", "docker-compose.dcproj", "{A47BF070-4E46-422D-9542-8E69EA95F1ED}"
EndProject
Global
	GlobalSection(SolutionConfigurationPlatforms) = preSolution
		Debug|Any CPU = Debug|Any CPU
		DEMO|Any CPU = DEMO|Any CPU
		Develop_Server|Any CPU = Develop_Server|Any CPU
		Develop_WebAssembly|Any CPU = Develop_WebAssembly|Any CPU
		LBH|Any CPU = LBH|Any CPU
		Release|Any CPU = Release|Any CPU
		WASM|Any CPU = WASM|Any CPU
	EndGlobalSection
	GlobalSection(ProjectConfigurationPlatforms) = postSolution
		{761AE611-7830-4F4E-A24E-551ED7F5F648}.Debug|Any CPU.ActiveCfg = Develop_WebAssembly|Any CPU
		{761AE611-7830-4F4E-A24E-551ED7F5F648}.Debug|Any CPU.Build.0 = Develop_WebAssembly|Any CPU
		{761AE611-7830-4F4E-A24E-551ED7F5F648}.DEMO|Any CPU.ActiveCfg = DEMO|Any CPU
		{761AE611-7830-4F4E-A24E-551ED7F5F648}.DEMO|Any CPU.Build.0 = DEMO|Any CPU
		{761AE611-7830-4F4E-A24E-551ED7F5F648}.Develop_Server|Any CPU.ActiveCfg = Develop_Server|Any CPU
		{761AE611-7830-4F4E-A24E-551ED7F5F648}.Develop_Server|Any CPU.Build.0 = Develop_Server|Any CPU
		{761AE611-7830-4F4E-A24E-551ED7F5F648}.Develop_WebAssembly|Any CPU.ActiveCfg = Develop_WebAssembly|Any CPU
		{761AE611-7830-4F4E-A24E-551ED7F5F648}.Develop_WebAssembly|Any CPU.Build.0 = Develop_WebAssembly|Any CPU
		{761AE611-7830-4F4E-A24E-551ED7F5F648}.LBH|Any CPU.ActiveCfg = LBH|Any CPU
		{761AE611-7830-4F4E-A24E-551ED7F5F648}.LBH|Any CPU.Build.0 = LBH|Any CPU
		{761AE611-7830-4F4E-A24E-551ED7F5F648}.Release|Any CPU.ActiveCfg = LBH|Any CPU
		{761AE611-7830-4F4E-A24E-551ED7F5F648}.Release|Any CPU.Build.0 = LBH|Any CPU
		{761AE611-7830-4F4E-A24E-551ED7F5F648}.WASM|Any CPU.ActiveCfg = WASM|Any CPU
		{761AE611-7830-4F4E-A24E-551ED7F5F648}.WASM|Any CPU.Build.0 = WASM|Any CPU
		{FB1C1BEB-8D2E-437D-A815-80293A2B7936}.Debug|Any CPU.ActiveCfg = Develop_WebAssembly|Any CPU
		{FB1C1BEB-8D2E-437D-A815-80293A2B7936}.Debug|Any CPU.Build.0 = Develop_WebAssembly|Any CPU
		{FB1C1BEB-8D2E-437D-A815-80293A2B7936}.DEMO|Any CPU.ActiveCfg = DEMO|Any CPU
		{FB1C1BEB-8D2E-437D-A815-80293A2B7936}.DEMO|Any CPU.Build.0 = DEMO|Any CPU
		{FB1C1BEB-8D2E-437D-A815-80293A2B7936}.Develop_Server|Any CPU.ActiveCfg = Develop_Server|Any CPU
		{FB1C1BEB-8D2E-437D-A815-80293A2B7936}.Develop_Server|Any CPU.Build.0 = Develop_Server|Any CPU
		{FB1C1BEB-8D2E-437D-A815-80293A2B7936}.Develop_WebAssembly|Any CPU.ActiveCfg = Develop_WebAssembly|Any CPU
		{FB1C1BEB-8D2E-437D-A815-80293A2B7936}.Develop_WebAssembly|Any CPU.Build.0 = Develop_WebAssembly|Any CPU
		{FB1C1BEB-8D2E-437D-A815-80293A2B7936}.LBH|Any CPU.ActiveCfg = LBH|Any CPU
		{FB1C1BEB-8D2E-437D-A815-80293A2B7936}.LBH|Any CPU.Build.0 = LBH|Any CPU
		{FB1C1BEB-8D2E-437D-A815-80293A2B7936}.Release|Any CPU.ActiveCfg = LBH|Any CPU
		{FB1C1BEB-8D2E-437D-A815-80293A2B7936}.Release|Any CPU.Build.0 = LBH|Any CPU
		{FB1C1BEB-8D2E-437D-A815-80293A2B7936}.WASM|Any CPU.ActiveCfg = WASM|Any CPU
		{FB1C1BEB-8D2E-437D-A815-80293A2B7936}.WASM|Any CPU.Build.0 = WASM|Any CPU
		{500BC488-DCA5-4A8C-9461-F2506D8E410C}.Debug|Any CPU.ActiveCfg = Develop_WebAssembly|Any CPU
		{500BC488-DCA5-4A8C-9461-F2506D8E410C}.Debug|Any CPU.Build.0 = Develop_WebAssembly|Any CPU
		{500BC488-DCA5-4A8C-9461-F2506D8E410C}.DEMO|Any CPU.ActiveCfg = DEMO|Any CPU
		{500BC488-DCA5-4A8C-9461-F2506D8E410C}.DEMO|Any CPU.Build.0 = DEMO|Any CPU
		{500BC488-DCA5-4A8C-9461-F2506D8E410C}.Develop_Server|Any CPU.ActiveCfg = Develop_Server|Any CPU
		{500BC488-DCA5-4A8C-9461-F2506D8E410C}.Develop_Server|Any CPU.Build.0 = Develop_Server|Any CPU
		{500BC488-DCA5-4A8C-9461-F2506D8E410C}.Develop_WebAssembly|Any CPU.ActiveCfg = Develop_WebAssembly|Any CPU
		{500BC488-DCA5-4A8C-9461-F2506D8E410C}.Develop_WebAssembly|Any CPU.Build.0 = Develop_WebAssembly|Any CPU
		{500BC488-DCA5-4A8C-9461-F2506D8E410C}.LBH|Any CPU.ActiveCfg = LBH|Any CPU
		{500BC488-DCA5-4A8C-9461-F2506D8E410C}.LBH|Any CPU.Build.0 = LBH|Any CPU
		{500BC488-DCA5-4A8C-9461-F2506D8E410C}.Release|Any CPU.ActiveCfg = LBH|Any CPU
		{500BC488-DCA5-4A8C-9461-F2506D8E410C}.Release|Any CPU.Build.0 = LBH|Any CPU
		{500BC488-DCA5-4A8C-9461-F2506D8E410C}.WASM|Any CPU.ActiveCfg = WASM|Any CPU
		{500BC488-DCA5-4A8C-9461-F2506D8E410C}.WASM|Any CPU.Build.0 = WASM|Any CPU
		{A4683728-F7FC-4A70-8D49-E4B9B062ABAF}.Debug|Any CPU.ActiveCfg = Develop_WebAssembly|Any CPU
		{A4683728-F7FC-4A70-8D49-E4B9B062ABAF}.Debug|Any CPU.Build.0 = Develop_WebAssembly|Any CPU
		{A4683728-F7FC-4A70-8D49-E4B9B062ABAF}.DEMO|Any CPU.ActiveCfg = DEMO|Any CPU
		{A4683728-F7FC-4A70-8D49-E4B9B062ABAF}.DEMO|Any CPU.Build.0 = DEMO|Any CPU
		{A4683728-F7FC-4A70-8D49-E4B9B062ABAF}.Develop_Server|Any CPU.ActiveCfg = Develop_Server|Any CPU
		{A4683728-F7FC-4A70-8D49-E4B9B062ABAF}.Develop_Server|Any CPU.Build.0 = Develop_Server|Any CPU
		{A4683728-F7FC-4A70-8D49-E4B9B062ABAF}.Develop_WebAssembly|Any CPU.ActiveCfg = Develop_WebAssembly|Any CPU
		{A4683728-F7FC-4A70-8D49-E4B9B062ABAF}.Develop_WebAssembly|Any CPU.Build.0 = Develop_WebAssembly|Any CPU
		{A4683728-F7FC-4A70-8D49-E4B9B062ABAF}.LBH|Any CPU.ActiveCfg = LBH|Any CPU
		{A4683728-F7FC-4A70-8D49-E4B9B062ABAF}.LBH|Any CPU.Build.0 = LBH|Any CPU
		{A4683728-F7FC-4A70-8D49-E4B9B062ABAF}.Release|Any CPU.ActiveCfg = LBH|Any CPU
		{A4683728-F7FC-4A70-8D49-E4B9B062ABAF}.Release|Any CPU.Build.0 = LBH|Any CPU
		{A4683728-F7FC-4A70-8D49-E4B9B062ABAF}.WASM|Any CPU.ActiveCfg = WASM|Any CPU
		{A4683728-F7FC-4A70-8D49-E4B9B062ABAF}.WASM|Any CPU.Build.0 = WASM|Any CPU
		{F38658D0-D084-4266-BB67-35427D70DF5D}.Debug|Any CPU.ActiveCfg = Develop_WebAssembly|Any CPU
		{F38658D0-D084-4266-BB67-35427D70DF5D}.Debug|Any CPU.Build.0 = Develop_WebAssembly|Any CPU
		{F38658D0-D084-4266-BB67-35427D70DF5D}.DEMO|Any CPU.ActiveCfg = DEMO|Any CPU
		{F38658D0-D084-4266-BB67-35427D70DF5D}.DEMO|Any CPU.Build.0 = DEMO|Any CPU
		{F38658D0-D084-4266-BB67-35427D70DF5D}.Develop_Server|Any CPU.ActiveCfg = Develop_Server|Any CPU
		{F38658D0-D084-4266-BB67-35427D70DF5D}.Develop_Server|Any CPU.Build.0 = Develop_Server|Any CPU
		{F38658D0-D084-4266-BB67-35427D70DF5D}.Develop_WebAssembly|Any CPU.ActiveCfg = Develop_WebAssembly|Any CPU
		{F38658D0-D084-4266-BB67-35427D70DF5D}.Develop_WebAssembly|Any CPU.Build.0 = Develop_WebAssembly|Any CPU
		{F38658D0-D084-4266-BB67-35427D70DF5D}.LBH|Any CPU.ActiveCfg = LBH|Any CPU
		{F38658D0-D084-4266-BB67-35427D70DF5D}.LBH|Any CPU.Build.0 = LBH|Any CPU
		{F38658D0-D084-4266-BB67-35427D70DF5D}.Release|Any CPU.ActiveCfg = LBH|Any CPU
		{F38658D0-D084-4266-BB67-35427D70DF5D}.Release|Any CPU.Build.0 = LBH|Any CPU
		{F38658D0-D084-4266-BB67-35427D70DF5D}.WASM|Any CPU.ActiveCfg = WASM|Any CPU
		{F38658D0-D084-4266-BB67-35427D70DF5D}.WASM|Any CPU.Build.0 = WASM|Any CPU
		{C5D84A57-8A0F-484A-997F-B563547FB934}.Debug|Any CPU.ActiveCfg = Develop_WebAssembly|Any CPU
		{C5D84A57-8A0F-484A-997F-B563547FB934}.Debug|Any CPU.Build.0 = Develop_WebAssembly|Any CPU
		{C5D84A57-8A0F-484A-997F-B563547FB934}.DEMO|Any CPU.ActiveCfg = DEMO|Any CPU
		{C5D84A57-8A0F-484A-997F-B563547FB934}.DEMO|Any CPU.Build.0 = DEMO|Any CPU
		{C5D84A57-8A0F-484A-997F-B563547FB934}.Develop_Server|Any CPU.ActiveCfg = Develop_Server|Any CPU
		{C5D84A57-8A0F-484A-997F-B563547FB934}.Develop_Server|Any CPU.Build.0 = Develop_Server|Any CPU
		{C5D84A57-8A0F-484A-997F-B563547FB934}.Develop_WebAssembly|Any CPU.ActiveCfg = Develop_WebAssembly|Any CPU
		{C5D84A57-8A0F-484A-997F-B563547FB934}.Develop_WebAssembly|Any CPU.Build.0 = Develop_WebAssembly|Any CPU
		{C5D84A57-8A0F-484A-997F-B563547FB934}.LBH|Any CPU.ActiveCfg = LBH|Any CPU
		{C5D84A57-8A0F-484A-997F-B563547FB934}.LBH|Any CPU.Build.0 = LBH|Any CPU
		{C5D84A57-8A0F-484A-997F-B563547FB934}.Release|Any CPU.ActiveCfg = LBH|Any CPU
		{C5D84A57-8A0F-484A-997F-B563547FB934}.Release|Any CPU.Build.0 = LBH|Any CPU
		{C5D84A57-8A0F-484A-997F-B563547FB934}.WASM|Any CPU.ActiveCfg = WASM|Any CPU
		{C5D84A57-8A0F-484A-997F-B563547FB934}.WASM|Any CPU.Build.0 = WASM|Any CPU
		{3F2AEEC4-C240-4960-85FF-5496863A37EF}.Debug|Any CPU.ActiveCfg = Develop_WebAssembly|Any CPU
		{3F2AEEC4-C240-4960-85FF-5496863A37EF}.Debug|Any CPU.Build.0 = Develop_WebAssembly|Any CPU
		{3F2AEEC4-C240-4960-85FF-5496863A37EF}.DEMO|Any CPU.ActiveCfg = DEMO|Any CPU
		{3F2AEEC4-C240-4960-85FF-5496863A37EF}.DEMO|Any CPU.Build.0 = DEMO|Any CPU
		{3F2AEEC4-C240-4960-85FF-5496863A37EF}.Develop_Server|Any CPU.ActiveCfg = Develop_Server|Any CPU
		{3F2AEEC4-C240-4960-85FF-5496863A37EF}.Develop_Server|Any CPU.Build.0 = Develop_Server|Any CPU
		{3F2AEEC4-C240-4960-85FF-5496863A37EF}.Develop_WebAssembly|Any CPU.ActiveCfg = Develop_WebAssembly|Any CPU
		{3F2AEEC4-C240-4960-85FF-5496863A37EF}.Develop_WebAssembly|Any CPU.Build.0 = Develop_WebAssembly|Any CPU
		{3F2AEEC4-C240-4960-85FF-5496863A37EF}.LBH|Any CPU.ActiveCfg = LBH|Any CPU
		{3F2AEEC4-C240-4960-85FF-5496863A37EF}.LBH|Any CPU.Build.0 = LBH|Any CPU
		{3F2AEEC4-C240-4960-85FF-5496863A37EF}.Release|Any CPU.ActiveCfg = LBH|Any CPU
		{3F2AEEC4-C240-4960-85FF-5496863A37EF}.Release|Any CPU.Build.0 = LBH|Any CPU
		{3F2AEEC4-C240-4960-85FF-5496863A37EF}.WASM|Any CPU.ActiveCfg = WASM|Any CPU
		{3F2AEEC4-C240-4960-85FF-5496863A37EF}.WASM|Any CPU.Build.0 = WASM|Any CPU
		{3CD27E1E-BFF2-4F33-AB9D-CF43216B2805}.Debug|Any CPU.ActiveCfg = Develop_WebAssembly|Any CPU
		{3CD27E1E-BFF2-4F33-AB9D-CF43216B2805}.Debug|Any CPU.Build.0 = Develop_WebAssembly|Any CPU
		{3CD27E1E-BFF2-4F33-AB9D-CF43216B2805}.DEMO|Any CPU.ActiveCfg = DEMO|Any CPU
		{3CD27E1E-BFF2-4F33-AB9D-CF43216B2805}.DEMO|Any CPU.Build.0 = DEMO|Any CPU
		{3CD27E1E-BFF2-4F33-AB9D-CF43216B2805}.Develop_Server|Any CPU.ActiveCfg = Develop_Server|Any CPU
		{3CD27E1E-BFF2-4F33-AB9D-CF43216B2805}.Develop_Server|Any CPU.Build.0 = Develop_Server|Any CPU
		{3CD27E1E-BFF2-4F33-AB9D-CF43216B2805}.Develop_WebAssembly|Any CPU.ActiveCfg = Develop_WebAssembly|Any CPU
		{3CD27E1E-BFF2-4F33-AB9D-CF43216B2805}.Develop_WebAssembly|Any CPU.Build.0 = Develop_WebAssembly|Any CPU
		{3CD27E1E-BFF2-4F33-AB9D-CF43216B2805}.LBH|Any CPU.ActiveCfg = LBH|Any CPU
		{3CD27E1E-BFF2-4F33-AB9D-CF43216B2805}.LBH|Any CPU.Build.0 = LBH|Any CPU
		{3CD27E1E-BFF2-4F33-AB9D-CF43216B2805}.Release|Any CPU.ActiveCfg = LBH|Any CPU
		{3CD27E1E-BFF2-4F33-AB9D-CF43216B2805}.Release|Any CPU.Build.0 = LBH|Any CPU
		{3CD27E1E-BFF2-4F33-AB9D-CF43216B2805}.WASM|Any CPU.ActiveCfg = WASM|Any CPU
		{3CD27E1E-BFF2-4F33-AB9D-CF43216B2805}.WASM|Any CPU.Build.0 = WASM|Any CPU
		{F18859F4-5701-4F0E-9A59-CB0B9E3DDCFE}.Debug|Any CPU.ActiveCfg = Develop_Server|Any CPU
		{F18859F4-5701-4F0E-9A59-CB0B9E3DDCFE}.Debug|Any CPU.Build.0 = Develop_Server|Any CPU
		{F18859F4-5701-4F0E-9A59-CB0B9E3DDCFE}.DEMO|Any CPU.ActiveCfg = DEMO|Any CPU
		{F18859F4-5701-4F0E-9A59-CB0B9E3DDCFE}.DEMO|Any CPU.Build.0 = DEMO|Any CPU
		{F18859F4-5701-4F0E-9A59-CB0B9E3DDCFE}.Develop_Server|Any CPU.ActiveCfg = Develop_Server|Any CPU
		{F18859F4-5701-4F0E-9A59-CB0B9E3DDCFE}.Develop_Server|Any CPU.Build.0 = Develop_Server|Any CPU
		{F18859F4-5701-4F0E-9A59-CB0B9E3DDCFE}.Develop_WebAssembly|Any CPU.ActiveCfg = Develop_WebAssembly|Any CPU
		{F18859F4-5701-4F0E-9A59-CB0B9E3DDCFE}.Develop_WebAssembly|Any CPU.Build.0 = Develop_WebAssembly|Any CPU
		{F18859F4-5701-4F0E-9A59-CB0B9E3DDCFE}.LBH|Any CPU.ActiveCfg = LBH|Any CPU
		{F18859F4-5701-4F0E-9A59-CB0B9E3DDCFE}.LBH|Any CPU.Build.0 = LBH|Any CPU
		{F18859F4-5701-4F0E-9A59-CB0B9E3DDCFE}.Release|Any CPU.ActiveCfg = Develop_Server|Any CPU
		{F18859F4-5701-4F0E-9A59-CB0B9E3DDCFE}.Release|Any CPU.Build.0 = Develop_Server|Any CPU
		{F18859F4-5701-4F0E-9A59-CB0B9E3DDCFE}.WASM|Any CPU.ActiveCfg = WASM|Any CPU
		{F18859F4-5701-4F0E-9A59-CB0B9E3DDCFE}.WASM|Any CPU.Build.0 = WASM|Any CPU
		{45FB5112-D2AD-41E9-AE8B-26B78F6D213F}.Debug|Any CPU.ActiveCfg = Debug|Any CPU
		{45FB5112-D2AD-41E9-AE8B-26B78F6D213F}.Debug|Any CPU.Build.0 = Debug|Any CPU
		{45FB5112-D2AD-41E9-AE8B-26B78F6D213F}.DEMO|Any CPU.ActiveCfg = Debug|Any CPU
		{45FB5112-D2AD-41E9-AE8B-26B78F6D213F}.DEMO|Any CPU.Build.0 = Debug|Any CPU
		{45FB5112-D2AD-41E9-AE8B-26B78F6D213F}.Develop_Server|Any CPU.ActiveCfg = Debug|Any CPU
		{45FB5112-D2AD-41E9-AE8B-26B78F6D213F}.Develop_Server|Any CPU.Build.0 = Debug|Any CPU
		{45FB5112-D2AD-41E9-AE8B-26B78F6D213F}.Develop_WebAssembly|Any CPU.ActiveCfg = Debug|Any CPU
		{45FB5112-D2AD-41E9-AE8B-26B78F6D213F}.Develop_WebAssembly|Any CPU.Build.0 = Debug|Any CPU
		{45FB5112-D2AD-41E9-AE8B-26B78F6D213F}.LBH|Any CPU.ActiveCfg = Release|Any CPU
		{45FB5112-D2AD-41E9-AE8B-26B78F6D213F}.LBH|Any CPU.Build.0 = Release|Any CPU
		{45FB5112-D2AD-41E9-AE8B-26B78F6D213F}.Release|Any CPU.ActiveCfg = Release|Any CPU
		{45FB5112-D2AD-41E9-AE8B-26B78F6D213F}.Release|Any CPU.Build.0 = Release|Any CPU
		{45FB5112-D2AD-41E9-AE8B-26B78F6D213F}.WASM|Any CPU.ActiveCfg = Release|Any CPU
		{45FB5112-D2AD-41E9-AE8B-26B78F6D213F}.WASM|Any CPU.Build.0 = Release|Any CPU
		{A47BF070-4E46-422D-9542-8E69EA95F1ED}.Debug|Any CPU.ActiveCfg = Debug|Any CPU
		{A47BF070-4E46-422D-9542-8E69EA95F1ED}.Debug|Any CPU.Build.0 = Debug|Any CPU
		{A47BF070-4E46-422D-9542-8E69EA95F1ED}.DEMO|Any CPU.ActiveCfg = Debug|Any CPU
		{A47BF070-4E46-422D-9542-8E69EA95F1ED}.DEMO|Any CPU.Build.0 = Debug|Any CPU
		{A47BF070-4E46-422D-9542-8E69EA95F1ED}.Develop_Server|Any CPU.ActiveCfg = Debug|Any CPU
		{A47BF070-4E46-422D-9542-8E69EA95F1ED}.Develop_Server|Any CPU.Build.0 = Debug|Any CPU
		{A47BF070-4E46-422D-9542-8E69EA95F1ED}.Develop_WebAssembly|Any CPU.ActiveCfg = Debug|Any CPU
		{A47BF070-4E46-422D-9542-8E69EA95F1ED}.Develop_WebAssembly|Any CPU.Build.0 = Debug|Any CPU
		{A47BF070-4E46-422D-9542-8E69EA95F1ED}.LBH|Any CPU.ActiveCfg = Release|Any CPU
		{A47BF070-4E46-422D-9542-8E69EA95F1ED}.LBH|Any CPU.Build.0 = Release|Any CPU
		{A47BF070-4E46-422D-9542-8E69EA95F1ED}.Release|Any CPU.ActiveCfg = Release|Any CPU
		{A47BF070-4E46-422D-9542-8E69EA95F1ED}.Release|Any CPU.Build.0 = Release|Any CPU
		{A47BF070-4E46-422D-9542-8E69EA95F1ED}.WASM|Any CPU.ActiveCfg = Release|Any CPU
		{A47BF070-4E46-422D-9542-8E69EA95F1ED}.WASM|Any CPU.Build.0 = Release|Any CPU
	EndGlobalSection
	GlobalSection(SolutionProperties) = preSolution
		HideSolutionNode = FALSE
	EndGlobalSection
	GlobalSection(NestedProjects) = preSolution
		{761AE611-7830-4F4E-A24E-551ED7F5F648} = {3CD20226-A598-40E4-AA51-BAF056124CA9}
		{FB1C1BEB-8D2E-437D-A815-80293A2B7936} = {3CD20226-A598-40E4-AA51-BAF056124CA9}
		{500BC488-DCA5-4A8C-9461-F2506D8E410C} = {3CD20226-A598-40E4-AA51-BAF056124CA9}
		{A4683728-F7FC-4A70-8D49-E4B9B062ABAF} = {3CD20226-A598-40E4-AA51-BAF056124CA9}
		{F38658D0-D084-4266-BB67-35427D70DF5D} = {9886105C-5495-40DF-99F0-EE0D030ED66D}
		{C5D84A57-8A0F-484A-997F-B563547FB934} = {9886105C-5495-40DF-99F0-EE0D030ED66D}
		{3F2AEEC4-C240-4960-85FF-5496863A37EF} = {3CD20226-A598-40E4-AA51-BAF056124CA9}
		{3CD27E1E-BFF2-4F33-AB9D-CF43216B2805} = {3CD20226-A598-40E4-AA51-BAF056124CA9}
	EndGlobalSection
	GlobalSection(ExtensibilityGlobals) = postSolution
		SolutionGuid = {0E6360A2-10BB-41CA-97A0-F20A3A1CD7A8}
	EndGlobalSection
EndGlobal
