
Microsoft Visual Studio Solution File, Format Version 12.00
# Visual Studio Version 17
VisualStudioVersion = 17.3.32505.426
MinimumVisualStudioVersion = 10.0.40219.1
Project("{9A19103F-16F7-4668-BE54-9A1E7A4F7556}") = "ICEBG.Client", "ICEBG.Client\ICEBG.Client.csproj", "{761AE611-7830-4F4E-A24E-551ED7F5F648}"
EndProject
Project("{9A19103F-16F7-4668-BE54-9A1E7A4F7556}") = "ICEBG.Web.DataServices", "ICEBG.Web.DataServices\ICEBG.Web.DataServices.csproj", "{FB1C1BEB-8D2E-437D-A815-80293A2B7936}"
EndProject
Project("{9A19103F-16F7-4668-BE54-9A1E7A4F7556}") = "ICEBG.Web.UserInterface", "ICEBG.Web.UserInterface\ICEBG.Web.UserInterface.csproj", "{500BC488-DCA5-4A8C-9461-F2506D8E410C}"
EndProject
Project("{2150E333-8FDC-42A3-9474-1A3956D46DE8}") = "Deployed projects", "Deployed projects", "{3CD20226-A598-40E4-AA51-BAF056124CA9}"
EndProject
Project("{2150E333-8FDC-42A3-9474-1A3956D46DE8}") = "Utilities", "Utilities", "{9886105C-5495-40DF-99F0-EE0D030ED66D}"
EndProject
Project("{9A19103F-16F7-4668-BE54-9A1E7A4F7556}") = "DataTier", "DataTier\DataTier.csproj", "{A4683728-F7FC-4A70-8D49-E4B9B062ABAF}"
EndProject
Project("{9A19103F-16F7-4668-BE54-9A1E7A4F7556}") = "GenerateDataTier", "GenerateDataTier\GenerateDataTier.csproj", "{F38658D0-D084-4266-BB67-35427D70DF5D}"
EndProject
Project("{9A19103F-16F7-4668-BE54-9A1E7A4F7556}") = "GeneratorUtilities", "GeneratorUtilities\GeneratorUtilities.csproj", "{C5D84A57-8A0F-484A-997F-B563547FB934}"
EndProject
Project("{9A19103F-16F7-4668-BE54-9A1E7A4F7556}") = "SystemFramework", "SystemFramework\SystemFramework.csproj", "{3F2AEEC4-C240-4960-85FF-5496863A37EF}"
EndProject
Project("{9A19103F-16F7-4668-BE54-9A1E7A4F7556}") = "SharedUtilities", "SharedUtilities\SharedUtilities.csproj", "{3CD27E1E-BFF2-4F33-AB9D-CF43216B2805}"
EndProject
Project("{2150E333-8FDC-42A3-9474-1A3956D46DE8}") = ".Solution Items", ".Solution Items", "{DAF1AC3D-387B-4D7D-8446-5160AADAA0A6}"
	ProjectSection(SolutionItems) = preProject
		.dockerignore = .dockerignore
		.editorconfig = .editorconfig
		.gitignore = .gitignore
		appsettings.Azure.json = appsettings.Azure.json
		appsettings.DevServer.json = appsettings.DevServer.json
		appsettings.DevWebAssembly.json = appsettings.DevWebAssembly.json
		Azure-AD-B2C-Quickstart-VS.pdf = Azure-AD-B2C-Quickstart-VS.pdf
		.github\ISSUE_TEMPLATE\bug_report.md = .github\ISSUE_TEMPLATE\bug_report.md
		.github\dependabot.yml = .github\dependabot.yml
		Directory.Build.props = Directory.Build.props
		.github\workflows\GithubActionsRelease.yml = .github\workflows\GithubActionsRelease.yml
		.github\workflows\GithubActionsWIP.yml = .github\workflows\GithubActionsWIP.yml
		global.json.sav = global.json.sav
		NuGet.Config = NuGet.Config
		SuperClean.cmd = SuperClean.cmd
	EndProjectSection
EndProject
Project("{9A19103F-16F7-4668-BE54-9A1E7A4F7556}") = "ICEBG.Blazor", "ICEBG.Blazor\ICEBG.Blazor.csproj", "{E07619FC-A0FC-4C85-9992-BBF3256598EA}"
EndProject
Project("{9A19103F-16F7-4668-BE54-9A1E7A4F7556}") = "ApplicationConfiguration", "ApplicationConfiguration\ApplicationConfiguration.csproj", "{D66E8FD0-0CD6-48F3-A4EF-FB480618A18E}"
EndProject
Project("{9A19103F-16F7-4668-BE54-9A1E7A4F7556}") = "ApplicationConfigurationServer", "ApplicationConfigurationServer\ApplicationConfigurationServer.csproj", "{437C4260-725A-4BE2-946E-A7AAB4A3F711}"
EndProject
Project("{9A19103F-16F7-4668-BE54-9A1E7A4F7556}") = "ApplicationConfigurationWASM", "ApplicationConfigurationWASM\ApplicationConfigurationWASM.csproj", "{0734A003-51F8-4A6C-AC45-7962BB6CCE9E}"
EndProject
Global
	GlobalSection(SolutionConfigurationPlatforms) = preSolution
		Azure|Any CPU = Azure|Any CPU
		Azure|arm64 = Azure|arm64
		Azure|x64 = Azure|x64
		Azure|x86 = Azure|x86
		DevServer|Any CPU = DevServer|Any CPU
		DevServer|arm64 = DevServer|arm64
		DevServer|x64 = DevServer|x64
		DevServer|x86 = DevServer|x86
		DevWebAssembly|Any CPU = DevWebAssembly|Any CPU
		DevWebAssembly|arm64 = DevWebAssembly|arm64
		DevWebAssembly|x64 = DevWebAssembly|x64
		DevWebAssembly|x86 = DevWebAssembly|x86
	EndGlobalSection
	GlobalSection(ProjectConfigurationPlatforms) = postSolution
		{761AE611-7830-4F4E-A24E-551ED7F5F648}.Azure|Any CPU.ActiveCfg = Azure|Any CPU
		{761AE611-7830-4F4E-A24E-551ED7F5F648}.Azure|Any CPU.Build.0 = Azure|Any CPU
		{761AE611-7830-4F4E-A24E-551ED7F5F648}.Azure|arm64.ActiveCfg = Azure|Any CPU
		{761AE611-7830-4F4E-A24E-551ED7F5F648}.Azure|arm64.Build.0 = Azure|Any CPU
		{761AE611-7830-4F4E-A24E-551ED7F5F648}.Azure|x64.ActiveCfg = Azure|Any CPU
		{761AE611-7830-4F4E-A24E-551ED7F5F648}.Azure|x64.Build.0 = Azure|Any CPU
		{761AE611-7830-4F4E-A24E-551ED7F5F648}.Azure|x86.ActiveCfg = Azure|Any CPU
		{761AE611-7830-4F4E-A24E-551ED7F5F648}.Azure|x86.Build.0 = Azure|Any CPU
		{761AE611-7830-4F4E-A24E-551ED7F5F648}.DevServer|Any CPU.ActiveCfg = DevServer|Any CPU
		{761AE611-7830-4F4E-A24E-551ED7F5F648}.DevServer|Any CPU.Build.0 = DevServer|Any CPU
		{761AE611-7830-4F4E-A24E-551ED7F5F648}.DevServer|arm64.ActiveCfg = Develop_Server|Any CPU
		{761AE611-7830-4F4E-A24E-551ED7F5F648}.DevServer|arm64.Build.0 = Develop_Server|Any CPU
		{761AE611-7830-4F4E-A24E-551ED7F5F648}.DevServer|x64.ActiveCfg = Develop_Server|Any CPU
		{761AE611-7830-4F4E-A24E-551ED7F5F648}.DevServer|x64.Build.0 = Develop_Server|Any CPU
		{761AE611-7830-4F4E-A24E-551ED7F5F648}.DevServer|x86.ActiveCfg = Develop_Server|Any CPU
		{761AE611-7830-4F4E-A24E-551ED7F5F648}.DevServer|x86.Build.0 = Develop_Server|Any CPU
		{761AE611-7830-4F4E-A24E-551ED7F5F648}.DevWebAssembly|Any CPU.ActiveCfg = DevWebAssembly|Any CPU
		{761AE611-7830-4F4E-A24E-551ED7F5F648}.DevWebAssembly|Any CPU.Build.0 = DevWebAssembly|Any CPU
		{761AE611-7830-4F4E-A24E-551ED7F5F648}.DevWebAssembly|arm64.ActiveCfg = Develop_WebAssembly|Any CPU
		{761AE611-7830-4F4E-A24E-551ED7F5F648}.DevWebAssembly|arm64.Build.0 = Develop_WebAssembly|Any CPU
		{761AE611-7830-4F4E-A24E-551ED7F5F648}.DevWebAssembly|x64.ActiveCfg = Develop_WebAssembly|Any CPU
		{761AE611-7830-4F4E-A24E-551ED7F5F648}.DevWebAssembly|x64.Build.0 = Develop_WebAssembly|Any CPU
		{761AE611-7830-4F4E-A24E-551ED7F5F648}.DevWebAssembly|x86.ActiveCfg = Develop_WebAssembly|Any CPU
		{761AE611-7830-4F4E-A24E-551ED7F5F648}.DevWebAssembly|x86.Build.0 = Develop_WebAssembly|Any CPU
		{FB1C1BEB-8D2E-437D-A815-80293A2B7936}.Azure|Any CPU.ActiveCfg = Azure|Any CPU
		{FB1C1BEB-8D2E-437D-A815-80293A2B7936}.Azure|Any CPU.Build.0 = Azure|Any CPU
		{FB1C1BEB-8D2E-437D-A815-80293A2B7936}.Azure|arm64.ActiveCfg = Azure|Any CPU
		{FB1C1BEB-8D2E-437D-A815-80293A2B7936}.Azure|arm64.Build.0 = Azure|Any CPU
		{FB1C1BEB-8D2E-437D-A815-80293A2B7936}.Azure|x64.ActiveCfg = Azure|Any CPU
		{FB1C1BEB-8D2E-437D-A815-80293A2B7936}.Azure|x64.Build.0 = Azure|Any CPU
		{FB1C1BEB-8D2E-437D-A815-80293A2B7936}.Azure|x86.ActiveCfg = Azure|Any CPU
		{FB1C1BEB-8D2E-437D-A815-80293A2B7936}.Azure|x86.Build.0 = Azure|Any CPU
		{FB1C1BEB-8D2E-437D-A815-80293A2B7936}.DevServer|Any CPU.ActiveCfg = DevServer|Any CPU
		{FB1C1BEB-8D2E-437D-A815-80293A2B7936}.DevServer|Any CPU.Build.0 = DevServer|Any CPU
		{FB1C1BEB-8D2E-437D-A815-80293A2B7936}.DevServer|arm64.ActiveCfg = Develop_Server|Any CPU
		{FB1C1BEB-8D2E-437D-A815-80293A2B7936}.DevServer|arm64.Build.0 = Develop_Server|Any CPU
		{FB1C1BEB-8D2E-437D-A815-80293A2B7936}.DevServer|x64.ActiveCfg = Develop_Server|Any CPU
		{FB1C1BEB-8D2E-437D-A815-80293A2B7936}.DevServer|x64.Build.0 = Develop_Server|Any CPU
		{FB1C1BEB-8D2E-437D-A815-80293A2B7936}.DevServer|x86.ActiveCfg = Develop_Server|Any CPU
		{FB1C1BEB-8D2E-437D-A815-80293A2B7936}.DevServer|x86.Build.0 = Develop_Server|Any CPU
		{FB1C1BEB-8D2E-437D-A815-80293A2B7936}.DevWebAssembly|Any CPU.ActiveCfg = DevWebAssembly|Any CPU
		{FB1C1BEB-8D2E-437D-A815-80293A2B7936}.DevWebAssembly|Any CPU.Build.0 = DevWebAssembly|Any CPU
		{FB1C1BEB-8D2E-437D-A815-80293A2B7936}.DevWebAssembly|arm64.ActiveCfg = Develop_WebAssembly|Any CPU
		{FB1C1BEB-8D2E-437D-A815-80293A2B7936}.DevWebAssembly|arm64.Build.0 = Develop_WebAssembly|Any CPU
		{FB1C1BEB-8D2E-437D-A815-80293A2B7936}.DevWebAssembly|x64.ActiveCfg = Develop_WebAssembly|Any CPU
		{FB1C1BEB-8D2E-437D-A815-80293A2B7936}.DevWebAssembly|x64.Build.0 = Develop_WebAssembly|Any CPU
		{FB1C1BEB-8D2E-437D-A815-80293A2B7936}.DevWebAssembly|x86.ActiveCfg = Develop_WebAssembly|Any CPU
		{FB1C1BEB-8D2E-437D-A815-80293A2B7936}.DevWebAssembly|x86.Build.0 = Develop_WebAssembly|Any CPU
		{500BC488-DCA5-4A8C-9461-F2506D8E410C}.Azure|Any CPU.ActiveCfg = Azure|Any CPU
		{500BC488-DCA5-4A8C-9461-F2506D8E410C}.Azure|Any CPU.Build.0 = Azure|Any CPU
		{500BC488-DCA5-4A8C-9461-F2506D8E410C}.Azure|arm64.ActiveCfg = Azure|Any CPU
		{500BC488-DCA5-4A8C-9461-F2506D8E410C}.Azure|arm64.Build.0 = Azure|Any CPU
		{500BC488-DCA5-4A8C-9461-F2506D8E410C}.Azure|x64.ActiveCfg = Azure|Any CPU
		{500BC488-DCA5-4A8C-9461-F2506D8E410C}.Azure|x64.Build.0 = Azure|Any CPU
		{500BC488-DCA5-4A8C-9461-F2506D8E410C}.Azure|x86.ActiveCfg = Azure|Any CPU
		{500BC488-DCA5-4A8C-9461-F2506D8E410C}.Azure|x86.Build.0 = Azure|Any CPU
		{500BC488-DCA5-4A8C-9461-F2506D8E410C}.DevServer|Any CPU.ActiveCfg = DevServer|Any CPU
		{500BC488-DCA5-4A8C-9461-F2506D8E410C}.DevServer|Any CPU.Build.0 = DevServer|Any CPU
		{500BC488-DCA5-4A8C-9461-F2506D8E410C}.DevServer|arm64.ActiveCfg = Develop_Server|Any CPU
		{500BC488-DCA5-4A8C-9461-F2506D8E410C}.DevServer|arm64.Build.0 = Develop_Server|Any CPU
		{500BC488-DCA5-4A8C-9461-F2506D8E410C}.DevServer|x64.ActiveCfg = Develop_Server|Any CPU
		{500BC488-DCA5-4A8C-9461-F2506D8E410C}.DevServer|x64.Build.0 = Develop_Server|Any CPU
		{500BC488-DCA5-4A8C-9461-F2506D8E410C}.DevServer|x86.ActiveCfg = Develop_Server|Any CPU
		{500BC488-DCA5-4A8C-9461-F2506D8E410C}.DevServer|x86.Build.0 = Develop_Server|Any CPU
		{500BC488-DCA5-4A8C-9461-F2506D8E410C}.DevWebAssembly|Any CPU.ActiveCfg = DevWebAssembly|Any CPU
		{500BC488-DCA5-4A8C-9461-F2506D8E410C}.DevWebAssembly|Any CPU.Build.0 = DevWebAssembly|Any CPU
		{500BC488-DCA5-4A8C-9461-F2506D8E410C}.DevWebAssembly|arm64.ActiveCfg = Develop_WebAssembly|Any CPU
		{500BC488-DCA5-4A8C-9461-F2506D8E410C}.DevWebAssembly|arm64.Build.0 = Develop_WebAssembly|Any CPU
		{500BC488-DCA5-4A8C-9461-F2506D8E410C}.DevWebAssembly|x64.ActiveCfg = Develop_WebAssembly|Any CPU
		{500BC488-DCA5-4A8C-9461-F2506D8E410C}.DevWebAssembly|x64.Build.0 = Develop_WebAssembly|Any CPU
		{500BC488-DCA5-4A8C-9461-F2506D8E410C}.DevWebAssembly|x86.ActiveCfg = Develop_WebAssembly|Any CPU
		{500BC488-DCA5-4A8C-9461-F2506D8E410C}.DevWebAssembly|x86.Build.0 = Develop_WebAssembly|Any CPU
		{A4683728-F7FC-4A70-8D49-E4B9B062ABAF}.Azure|Any CPU.ActiveCfg = Azure|Any CPU
		{A4683728-F7FC-4A70-8D49-E4B9B062ABAF}.Azure|Any CPU.Build.0 = Azure|Any CPU
		{A4683728-F7FC-4A70-8D49-E4B9B062ABAF}.Azure|arm64.ActiveCfg = Azure|Any CPU
		{A4683728-F7FC-4A70-8D49-E4B9B062ABAF}.Azure|arm64.Build.0 = Azure|Any CPU
		{A4683728-F7FC-4A70-8D49-E4B9B062ABAF}.Azure|x64.ActiveCfg = Azure|Any CPU
		{A4683728-F7FC-4A70-8D49-E4B9B062ABAF}.Azure|x64.Build.0 = Azure|Any CPU
		{A4683728-F7FC-4A70-8D49-E4B9B062ABAF}.Azure|x86.ActiveCfg = Azure|Any CPU
		{A4683728-F7FC-4A70-8D49-E4B9B062ABAF}.Azure|x86.Build.0 = Azure|Any CPU
		{A4683728-F7FC-4A70-8D49-E4B9B062ABAF}.DevServer|Any CPU.ActiveCfg = DevServer|Any CPU
		{A4683728-F7FC-4A70-8D49-E4B9B062ABAF}.DevServer|Any CPU.Build.0 = DevServer|Any CPU
		{A4683728-F7FC-4A70-8D49-E4B9B062ABAF}.DevServer|arm64.ActiveCfg = Develop_Server|Any CPU
		{A4683728-F7FC-4A70-8D49-E4B9B062ABAF}.DevServer|arm64.Build.0 = Develop_Server|Any CPU
		{A4683728-F7FC-4A70-8D49-E4B9B062ABAF}.DevServer|x64.ActiveCfg = Develop_Server|Any CPU
		{A4683728-F7FC-4A70-8D49-E4B9B062ABAF}.DevServer|x64.Build.0 = Develop_Server|Any CPU
		{A4683728-F7FC-4A70-8D49-E4B9B062ABAF}.DevServer|x86.ActiveCfg = Develop_Server|Any CPU
		{A4683728-F7FC-4A70-8D49-E4B9B062ABAF}.DevServer|x86.Build.0 = Develop_Server|Any CPU
		{A4683728-F7FC-4A70-8D49-E4B9B062ABAF}.DevWebAssembly|Any CPU.ActiveCfg = DevWebAssembly|Any CPU
		{A4683728-F7FC-4A70-8D49-E4B9B062ABAF}.DevWebAssembly|Any CPU.Build.0 = DevWebAssembly|Any CPU
		{A4683728-F7FC-4A70-8D49-E4B9B062ABAF}.DevWebAssembly|arm64.ActiveCfg = Develop_WebAssembly|Any CPU
		{A4683728-F7FC-4A70-8D49-E4B9B062ABAF}.DevWebAssembly|arm64.Build.0 = Develop_WebAssembly|Any CPU
		{A4683728-F7FC-4A70-8D49-E4B9B062ABAF}.DevWebAssembly|x64.ActiveCfg = Develop_WebAssembly|Any CPU
		{A4683728-F7FC-4A70-8D49-E4B9B062ABAF}.DevWebAssembly|x64.Build.0 = Develop_WebAssembly|Any CPU
		{A4683728-F7FC-4A70-8D49-E4B9B062ABAF}.DevWebAssembly|x86.ActiveCfg = Develop_WebAssembly|Any CPU
		{A4683728-F7FC-4A70-8D49-E4B9B062ABAF}.DevWebAssembly|x86.Build.0 = Develop_WebAssembly|Any CPU
		{F38658D0-D084-4266-BB67-35427D70DF5D}.Azure|Any CPU.ActiveCfg = Azure|Any CPU
		{F38658D0-D084-4266-BB67-35427D70DF5D}.Azure|arm64.ActiveCfg = Azure|Any CPU
		{F38658D0-D084-4266-BB67-35427D70DF5D}.Azure|arm64.Build.0 = Azure|Any CPU
		{F38658D0-D084-4266-BB67-35427D70DF5D}.Azure|x64.ActiveCfg = Azure|Any CPU
		{F38658D0-D084-4266-BB67-35427D70DF5D}.Azure|x64.Build.0 = Azure|Any CPU
		{F38658D0-D084-4266-BB67-35427D70DF5D}.Azure|x86.ActiveCfg = Azure|Any CPU
		{F38658D0-D084-4266-BB67-35427D70DF5D}.Azure|x86.Build.0 = Azure|Any CPU
		{F38658D0-D084-4266-BB67-35427D70DF5D}.DevServer|Any CPU.ActiveCfg = DevServer|Any CPU
		{F38658D0-D084-4266-BB67-35427D70DF5D}.DevServer|Any CPU.Build.0 = DevServer|Any CPU
		{F38658D0-D084-4266-BB67-35427D70DF5D}.DevServer|arm64.ActiveCfg = Develop_Server|Any CPU
		{F38658D0-D084-4266-BB67-35427D70DF5D}.DevServer|arm64.Build.0 = Develop_Server|Any CPU
		{F38658D0-D084-4266-BB67-35427D70DF5D}.DevServer|x64.ActiveCfg = Develop_Server|Any CPU
		{F38658D0-D084-4266-BB67-35427D70DF5D}.DevServer|x64.Build.0 = Develop_Server|Any CPU
		{F38658D0-D084-4266-BB67-35427D70DF5D}.DevServer|x86.ActiveCfg = Develop_Server|Any CPU
		{F38658D0-D084-4266-BB67-35427D70DF5D}.DevServer|x86.Build.0 = Develop_Server|Any CPU
		{F38658D0-D084-4266-BB67-35427D70DF5D}.DevWebAssembly|Any CPU.ActiveCfg = DevWebAssembly|Any CPU
		{F38658D0-D084-4266-BB67-35427D70DF5D}.DevWebAssembly|arm64.ActiveCfg = Develop_WebAssembly|Any CPU
		{F38658D0-D084-4266-BB67-35427D70DF5D}.DevWebAssembly|arm64.Build.0 = Develop_WebAssembly|Any CPU
		{F38658D0-D084-4266-BB67-35427D70DF5D}.DevWebAssembly|x64.ActiveCfg = Develop_WebAssembly|Any CPU
		{F38658D0-D084-4266-BB67-35427D70DF5D}.DevWebAssembly|x64.Build.0 = Develop_WebAssembly|Any CPU
		{F38658D0-D084-4266-BB67-35427D70DF5D}.DevWebAssembly|x86.ActiveCfg = Develop_WebAssembly|Any CPU
		{F38658D0-D084-4266-BB67-35427D70DF5D}.DevWebAssembly|x86.Build.0 = Develop_WebAssembly|Any CPU
		{C5D84A57-8A0F-484A-997F-B563547FB934}.Azure|Any CPU.ActiveCfg = Azure|Any CPU
		{C5D84A57-8A0F-484A-997F-B563547FB934}.Azure|arm64.ActiveCfg = Azure|Any CPU
		{C5D84A57-8A0F-484A-997F-B563547FB934}.Azure|arm64.Build.0 = Azure|Any CPU
		{C5D84A57-8A0F-484A-997F-B563547FB934}.Azure|x64.ActiveCfg = Azure|Any CPU
		{C5D84A57-8A0F-484A-997F-B563547FB934}.Azure|x64.Build.0 = Azure|Any CPU
		{C5D84A57-8A0F-484A-997F-B563547FB934}.Azure|x86.ActiveCfg = Azure|Any CPU
		{C5D84A57-8A0F-484A-997F-B563547FB934}.Azure|x86.Build.0 = Azure|Any CPU
		{C5D84A57-8A0F-484A-997F-B563547FB934}.DevServer|Any CPU.ActiveCfg = DevServer|Any CPU
		{C5D84A57-8A0F-484A-997F-B563547FB934}.DevServer|Any CPU.Build.0 = DevServer|Any CPU
		{C5D84A57-8A0F-484A-997F-B563547FB934}.DevServer|arm64.ActiveCfg = Develop_Server|Any CPU
		{C5D84A57-8A0F-484A-997F-B563547FB934}.DevServer|arm64.Build.0 = Develop_Server|Any CPU
		{C5D84A57-8A0F-484A-997F-B563547FB934}.DevServer|x64.ActiveCfg = Develop_Server|Any CPU
		{C5D84A57-8A0F-484A-997F-B563547FB934}.DevServer|x64.Build.0 = Develop_Server|Any CPU
		{C5D84A57-8A0F-484A-997F-B563547FB934}.DevServer|x86.ActiveCfg = Develop_Server|Any CPU
		{C5D84A57-8A0F-484A-997F-B563547FB934}.DevServer|x86.Build.0 = Develop_Server|Any CPU
		{C5D84A57-8A0F-484A-997F-B563547FB934}.DevWebAssembly|Any CPU.ActiveCfg = DevWebAssembly|Any CPU
		{C5D84A57-8A0F-484A-997F-B563547FB934}.DevWebAssembly|arm64.ActiveCfg = Develop_WebAssembly|Any CPU
		{C5D84A57-8A0F-484A-997F-B563547FB934}.DevWebAssembly|arm64.Build.0 = Develop_WebAssembly|Any CPU
		{C5D84A57-8A0F-484A-997F-B563547FB934}.DevWebAssembly|x64.ActiveCfg = Develop_WebAssembly|Any CPU
		{C5D84A57-8A0F-484A-997F-B563547FB934}.DevWebAssembly|x64.Build.0 = Develop_WebAssembly|Any CPU
		{C5D84A57-8A0F-484A-997F-B563547FB934}.DevWebAssembly|x86.ActiveCfg = Develop_WebAssembly|Any CPU
		{C5D84A57-8A0F-484A-997F-B563547FB934}.DevWebAssembly|x86.Build.0 = Develop_WebAssembly|Any CPU
		{3F2AEEC4-C240-4960-85FF-5496863A37EF}.Azure|Any CPU.ActiveCfg = Azure|Any CPU
		{3F2AEEC4-C240-4960-85FF-5496863A37EF}.Azure|Any CPU.Build.0 = Azure|Any CPU
		{3F2AEEC4-C240-4960-85FF-5496863A37EF}.Azure|arm64.ActiveCfg = Azure|Any CPU
		{3F2AEEC4-C240-4960-85FF-5496863A37EF}.Azure|arm64.Build.0 = Azure|Any CPU
		{3F2AEEC4-C240-4960-85FF-5496863A37EF}.Azure|x64.ActiveCfg = Azure|Any CPU
		{3F2AEEC4-C240-4960-85FF-5496863A37EF}.Azure|x64.Build.0 = Azure|Any CPU
		{3F2AEEC4-C240-4960-85FF-5496863A37EF}.Azure|x86.ActiveCfg = Azure|Any CPU
		{3F2AEEC4-C240-4960-85FF-5496863A37EF}.Azure|x86.Build.0 = Azure|Any CPU
		{3F2AEEC4-C240-4960-85FF-5496863A37EF}.DevServer|Any CPU.ActiveCfg = DevServer|Any CPU
		{3F2AEEC4-C240-4960-85FF-5496863A37EF}.DevServer|Any CPU.Build.0 = DevServer|Any CPU
		{3F2AEEC4-C240-4960-85FF-5496863A37EF}.DevServer|arm64.ActiveCfg = Develop_Server|Any CPU
		{3F2AEEC4-C240-4960-85FF-5496863A37EF}.DevServer|arm64.Build.0 = Develop_Server|Any CPU
		{3F2AEEC4-C240-4960-85FF-5496863A37EF}.DevServer|x64.ActiveCfg = Develop_Server|Any CPU
		{3F2AEEC4-C240-4960-85FF-5496863A37EF}.DevServer|x64.Build.0 = Develop_Server|Any CPU
		{3F2AEEC4-C240-4960-85FF-5496863A37EF}.DevServer|x86.ActiveCfg = Develop_Server|Any CPU
		{3F2AEEC4-C240-4960-85FF-5496863A37EF}.DevServer|x86.Build.0 = Develop_Server|Any CPU
		{3F2AEEC4-C240-4960-85FF-5496863A37EF}.DevWebAssembly|Any CPU.ActiveCfg = DevWebAssembly|Any CPU
		{3F2AEEC4-C240-4960-85FF-5496863A37EF}.DevWebAssembly|Any CPU.Build.0 = DevWebAssembly|Any CPU
		{3F2AEEC4-C240-4960-85FF-5496863A37EF}.DevWebAssembly|arm64.ActiveCfg = Develop_WebAssembly|Any CPU
		{3F2AEEC4-C240-4960-85FF-5496863A37EF}.DevWebAssembly|arm64.Build.0 = Develop_WebAssembly|Any CPU
		{3F2AEEC4-C240-4960-85FF-5496863A37EF}.DevWebAssembly|x64.ActiveCfg = Develop_WebAssembly|Any CPU
		{3F2AEEC4-C240-4960-85FF-5496863A37EF}.DevWebAssembly|x64.Build.0 = Develop_WebAssembly|Any CPU
		{3F2AEEC4-C240-4960-85FF-5496863A37EF}.DevWebAssembly|x86.ActiveCfg = Develop_WebAssembly|Any CPU
		{3F2AEEC4-C240-4960-85FF-5496863A37EF}.DevWebAssembly|x86.Build.0 = Develop_WebAssembly|Any CPU
		{3CD27E1E-BFF2-4F33-AB9D-CF43216B2805}.Azure|Any CPU.ActiveCfg = Azure|Any CPU
		{3CD27E1E-BFF2-4F33-AB9D-CF43216B2805}.Azure|Any CPU.Build.0 = Azure|Any CPU
		{3CD27E1E-BFF2-4F33-AB9D-CF43216B2805}.Azure|arm64.ActiveCfg = Azure|Any CPU
		{3CD27E1E-BFF2-4F33-AB9D-CF43216B2805}.Azure|arm64.Build.0 = Azure|Any CPU
		{3CD27E1E-BFF2-4F33-AB9D-CF43216B2805}.Azure|x64.ActiveCfg = Azure|Any CPU
		{3CD27E1E-BFF2-4F33-AB9D-CF43216B2805}.Azure|x64.Build.0 = Azure|Any CPU
		{3CD27E1E-BFF2-4F33-AB9D-CF43216B2805}.Azure|x86.ActiveCfg = Azure|Any CPU
		{3CD27E1E-BFF2-4F33-AB9D-CF43216B2805}.Azure|x86.Build.0 = Azure|Any CPU
		{3CD27E1E-BFF2-4F33-AB9D-CF43216B2805}.DevServer|Any CPU.ActiveCfg = DevServer|Any CPU
		{3CD27E1E-BFF2-4F33-AB9D-CF43216B2805}.DevServer|Any CPU.Build.0 = DevServer|Any CPU
		{3CD27E1E-BFF2-4F33-AB9D-CF43216B2805}.DevServer|arm64.ActiveCfg = Develop_Server|Any CPU
		{3CD27E1E-BFF2-4F33-AB9D-CF43216B2805}.DevServer|arm64.Build.0 = Develop_Server|Any CPU
		{3CD27E1E-BFF2-4F33-AB9D-CF43216B2805}.DevServer|x64.ActiveCfg = Develop_Server|Any CPU
		{3CD27E1E-BFF2-4F33-AB9D-CF43216B2805}.DevServer|x64.Build.0 = Develop_Server|Any CPU
		{3CD27E1E-BFF2-4F33-AB9D-CF43216B2805}.DevServer|x86.ActiveCfg = Develop_Server|Any CPU
		{3CD27E1E-BFF2-4F33-AB9D-CF43216B2805}.DevServer|x86.Build.0 = Develop_Server|Any CPU
		{3CD27E1E-BFF2-4F33-AB9D-CF43216B2805}.DevWebAssembly|Any CPU.ActiveCfg = DevWebAssembly|Any CPU
		{3CD27E1E-BFF2-4F33-AB9D-CF43216B2805}.DevWebAssembly|Any CPU.Build.0 = DevWebAssembly|Any CPU
		{3CD27E1E-BFF2-4F33-AB9D-CF43216B2805}.DevWebAssembly|arm64.ActiveCfg = Develop_WebAssembly|Any CPU
		{3CD27E1E-BFF2-4F33-AB9D-CF43216B2805}.DevWebAssembly|arm64.Build.0 = Develop_WebAssembly|Any CPU
		{3CD27E1E-BFF2-4F33-AB9D-CF43216B2805}.DevWebAssembly|x64.ActiveCfg = Develop_WebAssembly|Any CPU
		{3CD27E1E-BFF2-4F33-AB9D-CF43216B2805}.DevWebAssembly|x64.Build.0 = Develop_WebAssembly|Any CPU
		{3CD27E1E-BFF2-4F33-AB9D-CF43216B2805}.DevWebAssembly|x86.ActiveCfg = Develop_WebAssembly|Any CPU
		{3CD27E1E-BFF2-4F33-AB9D-CF43216B2805}.DevWebAssembly|x86.Build.0 = Develop_WebAssembly|Any CPU
		{E07619FC-A0FC-4C85-9992-BBF3256598EA}.Azure|Any CPU.ActiveCfg = Azure|Any CPU
		{E07619FC-A0FC-4C85-9992-BBF3256598EA}.Azure|Any CPU.Build.0 = Azure|Any CPU
		{E07619FC-A0FC-4C85-9992-BBF3256598EA}.Azure|arm64.ActiveCfg = Azure|Any CPU
		{E07619FC-A0FC-4C85-9992-BBF3256598EA}.Azure|arm64.Build.0 = Azure|Any CPU
		{E07619FC-A0FC-4C85-9992-BBF3256598EA}.Azure|x64.ActiveCfg = Azure|Any CPU
		{E07619FC-A0FC-4C85-9992-BBF3256598EA}.Azure|x64.Build.0 = Azure|Any CPU
		{E07619FC-A0FC-4C85-9992-BBF3256598EA}.Azure|x86.ActiveCfg = Azure|Any CPU
		{E07619FC-A0FC-4C85-9992-BBF3256598EA}.Azure|x86.Build.0 = Azure|Any CPU
		{E07619FC-A0FC-4C85-9992-BBF3256598EA}.DevServer|Any CPU.ActiveCfg = DevServer|Any CPU
		{E07619FC-A0FC-4C85-9992-BBF3256598EA}.DevServer|Any CPU.Build.0 = DevServer|Any CPU
		{E07619FC-A0FC-4C85-9992-BBF3256598EA}.DevServer|arm64.ActiveCfg = Develop_Server|Any CPU
		{E07619FC-A0FC-4C85-9992-BBF3256598EA}.DevServer|arm64.Build.0 = Develop_Server|Any CPU
		{E07619FC-A0FC-4C85-9992-BBF3256598EA}.DevServer|x64.ActiveCfg = Develop_Server|Any CPU
		{E07619FC-A0FC-4C85-9992-BBF3256598EA}.DevServer|x64.Build.0 = Develop_Server|Any CPU
		{E07619FC-A0FC-4C85-9992-BBF3256598EA}.DevServer|x86.ActiveCfg = Develop_Server|Any CPU
		{E07619FC-A0FC-4C85-9992-BBF3256598EA}.DevServer|x86.Build.0 = Develop_Server|Any CPU
		{E07619FC-A0FC-4C85-9992-BBF3256598EA}.DevWebAssembly|Any CPU.ActiveCfg = DevWebAssembly|Any CPU
		{E07619FC-A0FC-4C85-9992-BBF3256598EA}.DevWebAssembly|Any CPU.Build.0 = DevWebAssembly|Any CPU
		{E07619FC-A0FC-4C85-9992-BBF3256598EA}.DevWebAssembly|arm64.ActiveCfg = Develop_WebAssembly|Any CPU
		{E07619FC-A0FC-4C85-9992-BBF3256598EA}.DevWebAssembly|arm64.Build.0 = Develop_WebAssembly|Any CPU
		{E07619FC-A0FC-4C85-9992-BBF3256598EA}.DevWebAssembly|x64.ActiveCfg = Develop_WebAssembly|Any CPU
		{E07619FC-A0FC-4C85-9992-BBF3256598EA}.DevWebAssembly|x64.Build.0 = Develop_WebAssembly|Any CPU
		{E07619FC-A0FC-4C85-9992-BBF3256598EA}.DevWebAssembly|x86.ActiveCfg = Develop_WebAssembly|Any CPU
		{E07619FC-A0FC-4C85-9992-BBF3256598EA}.DevWebAssembly|x86.Build.0 = Develop_WebAssembly|Any CPU
		{D66E8FD0-0CD6-48F3-A4EF-FB480618A18E}.Azure|Any CPU.ActiveCfg = Azure|Any CPU
		{D66E8FD0-0CD6-48F3-A4EF-FB480618A18E}.Azure|Any CPU.Build.0 = Azure|Any CPU
		{D66E8FD0-0CD6-48F3-A4EF-FB480618A18E}.Azure|arm64.ActiveCfg = Azure|Any CPU
		{D66E8FD0-0CD6-48F3-A4EF-FB480618A18E}.Azure|arm64.Build.0 = Azure|Any CPU
		{D66E8FD0-0CD6-48F3-A4EF-FB480618A18E}.Azure|x64.ActiveCfg = Azure|Any CPU
		{D66E8FD0-0CD6-48F3-A4EF-FB480618A18E}.Azure|x64.Build.0 = Azure|Any CPU
		{D66E8FD0-0CD6-48F3-A4EF-FB480618A18E}.Azure|x86.ActiveCfg = Azure|Any CPU
		{D66E8FD0-0CD6-48F3-A4EF-FB480618A18E}.Azure|x86.Build.0 = Azure|Any CPU
		{D66E8FD0-0CD6-48F3-A4EF-FB480618A18E}.DevServer|Any CPU.ActiveCfg = DevServer|Any CPU
		{D66E8FD0-0CD6-48F3-A4EF-FB480618A18E}.DevServer|Any CPU.Build.0 = DevServer|Any CPU
		{D66E8FD0-0CD6-48F3-A4EF-FB480618A18E}.DevServer|arm64.ActiveCfg = Develop_Server|Any CPU
		{D66E8FD0-0CD6-48F3-A4EF-FB480618A18E}.DevServer|arm64.Build.0 = Develop_Server|Any CPU
		{D66E8FD0-0CD6-48F3-A4EF-FB480618A18E}.DevServer|x64.ActiveCfg = Develop_Server|Any CPU
		{D66E8FD0-0CD6-48F3-A4EF-FB480618A18E}.DevServer|x64.Build.0 = Develop_Server|Any CPU
		{D66E8FD0-0CD6-48F3-A4EF-FB480618A18E}.DevServer|x86.ActiveCfg = Develop_Server|Any CPU
		{D66E8FD0-0CD6-48F3-A4EF-FB480618A18E}.DevServer|x86.Build.0 = Develop_Server|Any CPU
		{D66E8FD0-0CD6-48F3-A4EF-FB480618A18E}.DevWebAssembly|Any CPU.ActiveCfg = DevWebAssembly|Any CPU
		{D66E8FD0-0CD6-48F3-A4EF-FB480618A18E}.DevWebAssembly|Any CPU.Build.0 = DevWebAssembly|Any CPU
		{D66E8FD0-0CD6-48F3-A4EF-FB480618A18E}.DevWebAssembly|arm64.ActiveCfg = Develop_WebAssembly|Any CPU
		{D66E8FD0-0CD6-48F3-A4EF-FB480618A18E}.DevWebAssembly|arm64.Build.0 = Develop_WebAssembly|Any CPU
		{D66E8FD0-0CD6-48F3-A4EF-FB480618A18E}.DevWebAssembly|x64.ActiveCfg = Develop_WebAssembly|Any CPU
		{D66E8FD0-0CD6-48F3-A4EF-FB480618A18E}.DevWebAssembly|x64.Build.0 = Develop_WebAssembly|Any CPU
		{D66E8FD0-0CD6-48F3-A4EF-FB480618A18E}.DevWebAssembly|x86.ActiveCfg = Develop_WebAssembly|Any CPU
		{D66E8FD0-0CD6-48F3-A4EF-FB480618A18E}.DevWebAssembly|x86.Build.0 = Develop_WebAssembly|Any CPU
		{437C4260-725A-4BE2-946E-A7AAB4A3F711}.Azure|Any CPU.ActiveCfg = Azure|Any CPU
		{437C4260-725A-4BE2-946E-A7AAB4A3F711}.Azure|Any CPU.Build.0 = Azure|Any CPU
		{437C4260-725A-4BE2-946E-A7AAB4A3F711}.Azure|arm64.ActiveCfg = Azure|Any CPU
		{437C4260-725A-4BE2-946E-A7AAB4A3F711}.Azure|arm64.Build.0 = Azure|Any CPU
		{437C4260-725A-4BE2-946E-A7AAB4A3F711}.Azure|x64.ActiveCfg = Azure|Any CPU
		{437C4260-725A-4BE2-946E-A7AAB4A3F711}.Azure|x64.Build.0 = Azure|Any CPU
		{437C4260-725A-4BE2-946E-A7AAB4A3F711}.Azure|x86.ActiveCfg = Azure|Any CPU
		{437C4260-725A-4BE2-946E-A7AAB4A3F711}.Azure|x86.Build.0 = Azure|Any CPU
		{437C4260-725A-4BE2-946E-A7AAB4A3F711}.DevServer|Any CPU.ActiveCfg = DevServer|Any CPU
		{437C4260-725A-4BE2-946E-A7AAB4A3F711}.DevServer|Any CPU.Build.0 = DevServer|Any CPU
		{437C4260-725A-4BE2-946E-A7AAB4A3F711}.DevServer|arm64.ActiveCfg = Develop_Server|Any CPU
		{437C4260-725A-4BE2-946E-A7AAB4A3F711}.DevServer|arm64.Build.0 = Develop_Server|Any CPU
		{437C4260-725A-4BE2-946E-A7AAB4A3F711}.DevServer|x64.ActiveCfg = Develop_Server|Any CPU
		{437C4260-725A-4BE2-946E-A7AAB4A3F711}.DevServer|x64.Build.0 = Develop_Server|Any CPU
		{437C4260-725A-4BE2-946E-A7AAB4A3F711}.DevServer|x86.ActiveCfg = Develop_Server|Any CPU
		{437C4260-725A-4BE2-946E-A7AAB4A3F711}.DevServer|x86.Build.0 = Develop_Server|Any CPU
		{437C4260-725A-4BE2-946E-A7AAB4A3F711}.DevWebAssembly|Any CPU.ActiveCfg = DevWebAssembly|Any CPU
		{437C4260-725A-4BE2-946E-A7AAB4A3F711}.DevWebAssembly|Any CPU.Build.0 = DevWebAssembly|Any CPU
		{437C4260-725A-4BE2-946E-A7AAB4A3F711}.DevWebAssembly|arm64.ActiveCfg = Develop_WebAssembly|Any CPU
		{437C4260-725A-4BE2-946E-A7AAB4A3F711}.DevWebAssembly|arm64.Build.0 = Develop_WebAssembly|Any CPU
		{437C4260-725A-4BE2-946E-A7AAB4A3F711}.DevWebAssembly|x64.ActiveCfg = Develop_WebAssembly|Any CPU
		{437C4260-725A-4BE2-946E-A7AAB4A3F711}.DevWebAssembly|x64.Build.0 = Develop_WebAssembly|Any CPU
		{437C4260-725A-4BE2-946E-A7AAB4A3F711}.DevWebAssembly|x86.ActiveCfg = Develop_WebAssembly|Any CPU
		{437C4260-725A-4BE2-946E-A7AAB4A3F711}.DevWebAssembly|x86.Build.0 = Develop_WebAssembly|Any CPU
		{0734A003-51F8-4A6C-AC45-7962BB6CCE9E}.Azure|Any CPU.ActiveCfg = Azure|Any CPU
		{0734A003-51F8-4A6C-AC45-7962BB6CCE9E}.Azure|Any CPU.Build.0 = Azure|Any CPU
		{0734A003-51F8-4A6C-AC45-7962BB6CCE9E}.Azure|arm64.ActiveCfg = Azure|Any CPU
		{0734A003-51F8-4A6C-AC45-7962BB6CCE9E}.Azure|arm64.Build.0 = Azure|Any CPU
		{0734A003-51F8-4A6C-AC45-7962BB6CCE9E}.Azure|x64.ActiveCfg = Azure|Any CPU
		{0734A003-51F8-4A6C-AC45-7962BB6CCE9E}.Azure|x64.Build.0 = Azure|Any CPU
		{0734A003-51F8-4A6C-AC45-7962BB6CCE9E}.Azure|x86.ActiveCfg = Azure|Any CPU
		{0734A003-51F8-4A6C-AC45-7962BB6CCE9E}.Azure|x86.Build.0 = Azure|Any CPU
		{0734A003-51F8-4A6C-AC45-7962BB6CCE9E}.DevServer|Any CPU.ActiveCfg = DevServer|Any CPU
		{0734A003-51F8-4A6C-AC45-7962BB6CCE9E}.DevServer|Any CPU.Build.0 = DevServer|Any CPU
		{0734A003-51F8-4A6C-AC45-7962BB6CCE9E}.DevServer|arm64.ActiveCfg = Develop_Server|Any CPU
		{0734A003-51F8-4A6C-AC45-7962BB6CCE9E}.DevServer|arm64.Build.0 = Develop_Server|Any CPU
		{0734A003-51F8-4A6C-AC45-7962BB6CCE9E}.DevServer|x64.ActiveCfg = Develop_Server|Any CPU
		{0734A003-51F8-4A6C-AC45-7962BB6CCE9E}.DevServer|x64.Build.0 = Develop_Server|Any CPU
		{0734A003-51F8-4A6C-AC45-7962BB6CCE9E}.DevServer|x86.ActiveCfg = Develop_Server|Any CPU
		{0734A003-51F8-4A6C-AC45-7962BB6CCE9E}.DevServer|x86.Build.0 = Develop_Server|Any CPU
		{0734A003-51F8-4A6C-AC45-7962BB6CCE9E}.DevWebAssembly|Any CPU.ActiveCfg = DevWebAssembly|Any CPU
		{0734A003-51F8-4A6C-AC45-7962BB6CCE9E}.DevWebAssembly|Any CPU.Build.0 = DevWebAssembly|Any CPU
		{0734A003-51F8-4A6C-AC45-7962BB6CCE9E}.DevWebAssembly|arm64.ActiveCfg = Develop_WebAssembly|Any CPU
		{0734A003-51F8-4A6C-AC45-7962BB6CCE9E}.DevWebAssembly|arm64.Build.0 = Develop_WebAssembly|Any CPU
		{0734A003-51F8-4A6C-AC45-7962BB6CCE9E}.DevWebAssembly|x64.ActiveCfg = Develop_WebAssembly|Any CPU
		{0734A003-51F8-4A6C-AC45-7962BB6CCE9E}.DevWebAssembly|x64.Build.0 = Develop_WebAssembly|Any CPU
		{0734A003-51F8-4A6C-AC45-7962BB6CCE9E}.DevWebAssembly|x86.ActiveCfg = Develop_WebAssembly|Any CPU
		{0734A003-51F8-4A6C-AC45-7962BB6CCE9E}.DevWebAssembly|x86.Build.0 = Develop_WebAssembly|Any CPU
	EndGlobalSection
	GlobalSection(SolutionProperties) = preSolution
		HideSolutionNode = FALSE
	EndGlobalSection
	GlobalSection(NestedProjects) = preSolution
		{761AE611-7830-4F4E-A24E-551ED7F5F648} = {3CD20226-A598-40E4-AA51-BAF056124CA9}
		{FB1C1BEB-8D2E-437D-A815-80293A2B7936} = {3CD20226-A598-40E4-AA51-BAF056124CA9}
		{500BC488-DCA5-4A8C-9461-F2506D8E410C} = {3CD20226-A598-40E4-AA51-BAF056124CA9}
		{A4683728-F7FC-4A70-8D49-E4B9B062ABAF} = {3CD20226-A598-40E4-AA51-BAF056124CA9}
		{F38658D0-D084-4266-BB67-35427D70DF5D} = {9886105C-5495-40DF-99F0-EE0D030ED66D}
		{C5D84A57-8A0F-484A-997F-B563547FB934} = {9886105C-5495-40DF-99F0-EE0D030ED66D}
		{3F2AEEC4-C240-4960-85FF-5496863A37EF} = {3CD20226-A598-40E4-AA51-BAF056124CA9}
		{3CD27E1E-BFF2-4F33-AB9D-CF43216B2805} = {3CD20226-A598-40E4-AA51-BAF056124CA9}
		{E07619FC-A0FC-4C85-9992-BBF3256598EA} = {3CD20226-A598-40E4-AA51-BAF056124CA9}
		{D66E8FD0-0CD6-48F3-A4EF-FB480618A18E} = {3CD20226-A598-40E4-AA51-BAF056124CA9}
		{437C4260-725A-4BE2-946E-A7AAB4A3F711} = {3CD20226-A598-40E4-AA51-BAF056124CA9}
		{0734A003-51F8-4A6C-AC45-7962BB6CCE9E} = {3CD20226-A598-40E4-AA51-BAF056124CA9}
	EndGlobalSection
	GlobalSection(ExtensibilityGlobals) = postSolution
		SolutionGuid = {0E6360A2-10BB-41CA-97A0-F20A3A1CD7A8}
	EndGlobalSection
EndGlobal
