lockfileVersion: '9.0'

settings:
  autoInstallPeers: true
  excludeLinksFromLockfile: false

importers:

  .:
    devDependencies:
      '@material/web':
        specifier: ^2.2.0
        version: 2.2.0
      '@rollup/plugin-node-resolve':
        specifier: ^13.3.0
        version: 13.3.0(rollup@2.79.1)
      '@rollup/plugin-replace':
        specifier: ^5.0.7
        version: 5.0.7(rollup@2.79.1)
      material-components-web:
        specifier: 14.0.0
        version: 14.0.0
      regexp:
        specifier: ^1.0.0
        version: 1.0.0
      rollup-plugin-summary:
        specifier: ^1.4.3
        version: 1.4.3(rollup@2.79.1)
      sass:
        specifier: 1.39.2
        version: 1.39.2
      terser:
        specifier: ^5.33.0
        version: 5.33.0
      typescript:
        specifier: ^5.6.2
        version: 5.6.2

packages:

  '@colors/colors@1.5.0':
    resolution: {integrity: sha512-ooWCrlZP11i8GImSjTHYHLkvFDP48nS4+204nGb1RiX/WXYHmJA2III9/e2DWVabCESdW7hBAEzHRqUn9OUVvQ==}
    engines: {node: '>=0.1.90'}

  '@jridgewell/gen-mapping@0.3.5':
    resolution: {integrity: sha512-IzL8ZoEDIBRWEzlCcRhOaCupYyN5gdIK+Q6fbFdPDg6HqX6jpkItn7DFIpW9LQzXG6Df9sA7+OKnq0qlz/GaQg==}
    engines: {node: '>=6.0.0'}

  '@jridgewell/resolve-uri@3.1.2':
    resolution: {integrity: sha512-bRISgCIjP20/tbWSPWMEi54QVPRZExkuD9lJL+UIxUKtwVJA8wW1Trb1jMs1RFXo1CBTNZ/5hpC9QvmKWdopKw==}
    engines: {node: '>=6.0.0'}

  '@jridgewell/set-array@1.2.1':
    resolution: {integrity: sha512-R8gLRTZeyp03ymzP/6Lil/28tGeGEzhx1q2k703KGWRAI1VdvPIXdG70VJc2pAMw3NA6JKL5hhFu1sJX0Mnn/A==}
    engines: {node: '>=6.0.0'}

  '@jridgewell/source-map@0.3.6':
    resolution: {integrity: sha512-1ZJTZebgqllO79ue2bm3rIGud/bOe0pP5BjSRCRxxYkEZS8STV7zN84UBbiYu7jy+eCKSnVIUgoWWE/tt+shMQ==}

  '@jridgewell/sourcemap-codec@1.5.0':
    resolution: {integrity: sha512-gv3ZRaISU3fjPAgNsriBRqGWQL6quFx04YMPW/zD8XMLsU32mhCCbfbO6KZFLjvYpCZ8zyDEgqsgf+PwPaM7GQ==}

  '@jridgewell/trace-mapping@0.3.25':
    resolution: {integrity: sha512-vNk6aEwybGtawWmy/PzwnGDOjCkLWSD2wqvjGGAgOAwCGWySYXfYoxt00IJkTF+8Lb57DwOb3Aa0o9CApepiYQ==}

  '@lit-labs/ssr-dom-shim@1.2.1':
    resolution: {integrity: sha512-wx4aBmgeGvFmOKucFKY+8VFJSYZxs9poN3SDNQFF6lT6NrQUnHiPB2PWz2sc4ieEcAaYYzN+1uWahEeTq2aRIQ==}

  '@lit/reactive-element@2.0.4':
    resolution: {integrity: sha512-GFn91inaUa2oHLak8awSIigYz0cU0Payr1rcFsrkf5OJ5eSPxElyZfKh0f2p9FsTiZWXQdWGJeXZICEfXXYSXQ==}

  '@material/animation@14.0.0':
    resolution: {integrity: sha512-VlYSfUaIj/BBVtRZI8Gv0VvzikFf+XgK0Zdgsok5c1v5DDnNz5tpB8mnGrveWz0rHbp1X4+CWLKrTwNmjrw3Xw==}

  '@material/auto-init@14.0.0':
    resolution: {integrity: sha512-RtrHVRTRtUvOd5PC5EZkwYrab11n4sVroYL5g9lH0+cvK6PDXv1M/wVdwOSWHYgzBUU1aSf9ZTMkKdrvharU+A==}

  '@material/banner@14.0.0':
    resolution: {integrity: sha512-z0WPBVQxbQVcV1km4hFD40xBEeVWYtCzl2jrkHd8xXexP/fMvXkFU1UfwSWvY3jlWx//j4/Xd7VpnRdEXS4RLQ==}

  '@material/base@14.0.0':
    resolution: {integrity: sha512-Ou7vS7n1H4Y10MUZyYAbt6H0t67c6urxoCgeVT7M38aQlaNUwFMODp7KT/myjYz2YULfhu3PtfSV3Sltgac9mA==}

  '@material/button@14.0.0':
    resolution: {integrity: sha512-dqqHaJq0peyXBZupFzCjmvScrfljyVU66ZCS3oldsaaj5iz8sn33I/45Z4zPzdR5F5z8ExToHkRcXhakj1UEAA==}

  '@material/card@14.0.0':
    resolution: {integrity: sha512-SnpYWUrCb92meGYLXV7qa/k40gnHR6rPki6A1wz0OAyG2twY48f0HLscAqxBLvbbm1LuRaqjz0RLKGH3VzxZHw==}

  '@material/checkbox@14.0.0':
    resolution: {integrity: sha512-OoqwysCqvj1d0cRmEwVWPvg5OqYAiCFpE6Wng6me/Cahfe4xgRxSPa37WWqsClw20W7PG/5RrYRCBtc6bUUUZA==}

  '@material/chips@14.0.0':
    resolution: {integrity: sha512-SfZX/Ovdq4NgjdtIr/N1O3fEHisZC+t8G8629OV/NrniSS6rKOa+q1mImzna8R4pfuYO+7nT5nZewQpL/JSYaQ==}

  '@material/circular-progress@14.0.0':
    resolution: {integrity: sha512-7EdkP6ty54g6qs6zzlsw29vWlUyrcSWr9b4pGGx4D/iNJww+eyxXZ07iWoNOr4uLgguauWEft2axpQiFCwFD0g==}

  '@material/data-table@14.0.0':
    resolution: {integrity: sha512-tnmLawGaMtnp29KH8pX99bqeKmFODE+MtRUTt6TauupkEfQE/wd0Um4JQDFiI0kCch7uF3r/NmQKyKuan10hXw==}

  '@material/density@14.0.0':
    resolution: {integrity: sha512-NlxXBV5XjNsKd8UXF4K/+fOXLxoFNecKbsaQO6O2u+iG8QBfFreKRmkhEBb2hPPwC3w8nrODwXX0lHV+toICQw==}

  '@material/dialog@14.0.0':
    resolution: {integrity: sha512-E07NEE4jP8jHaw/y2Il2R1a3f4wDFh2sgfCBtRO/Xh0xxJUMuQ7YXo/F3SAA8jfMbbkUv/PHdJUM3I3HmI9mAA==}

  '@material/dom@14.0.0':
    resolution: {integrity: sha512-8t88XyacclTj8qsIw9q0vEj4PI2KVncLoIsIMzwuMx49P2FZg6TsLjor262MI3Qs00UWAifuLMrhnOnfyrbe7Q==}

  '@material/drawer@14.0.0':
    resolution: {integrity: sha512-VPrxMIhbkXVbfH7aMFV+Um0tjOVrU/Y65X2hWsVdmjASadE8C5UYjIE3vjL1DM1M+zIa3qZZRUWqz0j1zqbr3w==}

  '@material/elevation@14.0.0':
    resolution: {integrity: sha512-Di3tkxTpXwvf1GJUmaC8rd+zVh5dB2SWMBGagL4+kT8UmjSISif/OPRGuGnXs3QhF6nmEjkdC0ijdZLcYQkepw==}

  '@material/fab@14.0.0':
    resolution: {integrity: sha512-s4rrw2TLU8ITKopHSTEHuJEFsGEZsb+ijwW16pQt0h9GArxPGaALT+CCJIPjf75D3wPEEMW0vnLj7oMoII2VFg==}

  '@material/feature-targeting@14.0.0':
    resolution: {integrity: sha512-a5WGgHEq5lJeeNL5yevtgoZjBjXWy6+klfVWQEh8oyix/rMJygGgO7gEc52uv8fB8uAIoYEB3iBMOv8jRq8FeA==}

  '@material/floating-label@14.0.0':
    resolution: {integrity: sha512-Aq8BboP1sbNnOtsV72AfaYirHyOrQ/GKFoLrZ1Jt+ZGIAuXPETcj9z7nQDznst0ZeKcz420PxNn9tsybTbeL/Q==}

  '@material/focus-ring@14.0.0':
    resolution: {integrity: sha512-fqqka6iSfQGJG3Le48RxPCtnOiaLGPDPikhktGbxlyW9srBVMgeCiONfHM7IT/1eu80O0Y67Lh/4ohu5+C+VAQ==}

  '@material/form-field@14.0.0':
    resolution: {integrity: sha512-k1GNBj6Sp8A7Xsn5lTMp5DkUkg60HX7YkQIRyFz1qCDCKJRWh/ou7Z45GMMgKmG3aF6LfjIavc7SjyCl8e5yVg==}

  '@material/icon-button@14.0.0':
    resolution: {integrity: sha512-wHMqzm7Q/UwbWLoWv32Li1r2iVYxadIrwTNxT0+p+7NdfI3lEwMN3NoB0CvoJnHTljjXDzce0KJ3nZloa0P0gA==}

  '@material/image-list@14.0.0':
    resolution: {integrity: sha512-vx/7WCMbiZoy/R+DmO7r0N3jWzFjlvvDMeBpXt0btglWP3EYbVnDqzseW4u1TtY+IBbJldW/DsiCN1oLnlEVxw==}

  '@material/layout-grid@14.0.0':
    resolution: {integrity: sha512-tAce0PR/c85VI2gf1HUdM0Y15ZWpfZWAFIwaCRW1+jnOLWnG1/aOJYLlzqtVEv2m0TS1R1WRRGN3Or+CWvpDRA==}

  '@material/line-ripple@14.0.0':
    resolution: {integrity: sha512-Rx9eSnfp3FcsNz4O+fobNNq2PSm5tYHC3hRpY2ZK3ghTvgp3Y40/soaGEi/Vdg0F7jJXRaBSNOe6p5t9CVfy8Q==}

  '@material/linear-progress@14.0.0':
    resolution: {integrity: sha512-MGIAWMHMW6TSV/TNWyl5N/escpDHk3Rq6hultFif+D9adqbOXrtfZZIFPLj1FpMm1Ucnj6zgOmJHgCDsxRVNIA==}

  '@material/list@14.0.0':
    resolution: {integrity: sha512-AFaBGV9vQyfnG8BT2R3UGVdF5w2SigQqBH+qbOSxQhk4BgVvhDfJUIKT415poLNMdnaDtcuYz+ZWvVNoRDaL7w==}

  '@material/menu-surface@14.0.0':
    resolution: {integrity: sha512-wRz3UCrhJ4kRrijJEbvIPRa0mqA5qkQmKXjBH4Xu1ApedZruP+OM3Qb2Bj4XugCA3eCXpiohg+gdyTAX3dVQyw==}

  '@material/menu@14.0.0':
    resolution: {integrity: sha512-oU6GjbYnkG6a5nX9HUSege5OQByf6yUteEij8fpf0ci3f5BWf/gr39dnQ+rfl+q119cW0WIEmVK2YJ/BFxMzEQ==}

  '@material/notched-outline@14.0.0':
    resolution: {integrity: sha512-6S58DlWmhCDr4RQF2RuwqANxlmLdHtWy2mF4JQLD9WOiCg4qY9eCQnMXu3Tbhr7f/nOZ0vzc7AtA3vfJoZmCSw==}

  '@material/progress-indicator@14.0.0':
    resolution: {integrity: sha512-09JRTuIySxs670Tcy4jVlqCUbyrO+Ad6z3nHnAi8pYl74duco4n/9jTROV0mlFdr9NIFifnd08lKbiFLDmfJGQ==}

  '@material/radio@14.0.0':
    resolution: {integrity: sha512-VwPOi5fAoZXL3RhQJ6iDWTR34L6JXlwd5VXli8ZhzNHnUzcmpMODrRhGVew4Z5uuNj6/n2Jbn1zcS9XmmqjssA==}

  '@material/ripple@14.0.0':
    resolution: {integrity: sha512-9XoGBFd5JhFgELgW7pqtiLy+CnCIcV2s9cQ2BWbOQeA8faX9UZIDUx/g76nHLZ7UzKFtsULJxZTwORmsEt2zvw==}

  '@material/rtl@14.0.0':
    resolution: {integrity: sha512-xl6OZYyRjuiW2hmbjV2omMV8sQtfmKAjeWnD1RMiAPLCTyOW9Lh/PYYnXjxUrNa0cRwIIbOn5J7OYXokja8puA==}

  '@material/segmented-button@14.0.0':
    resolution: {integrity: sha512-6es7PPNX3T3h7bOLyb8L38hMoTXqBs5XX8XCKycKZG2Dm4stac/yYMKKO/q3MOn36t37s+JAVTjyRB8HnJu5Gg==}

  '@material/select@14.0.0':
    resolution: {integrity: sha512-4aY1kUHEnbOCRG3Tkuuk8yFfyNYSvOstBbjiYE/Z1ZGF3P1z+ON35iLatP84LvNteX4F1EMO2QAta2QbLRMAkw==}

  '@material/shape@14.0.0':
    resolution: {integrity: sha512-o0mJB0+feOv473KckI8gFnUo8IQAaEA6ynXzw3VIYFjPi48pJwrxa0mZcJP/OoTXrCbDzDeFJfDPXEmRioBb9A==}

  '@material/slider@14.0.0':
    resolution: {integrity: sha512-m5RqySIps1vhAQnGp2eg4Sh2Ss6bzrZm10TWBw2cNFHmbiI72rK2EeFnMsBXAarplY0cot/FaMuj91VP36gKFQ==}

  '@material/snackbar@14.0.0':
    resolution: {integrity: sha512-28uQBj9bw7BalNarK9j8/aVW4Ys5aRaGHoWH+CeYvAjqQUJkrYoqM52aiKhBwqrjBPMJHk1aXthe3YbzMBm6vA==}

  '@material/switch@14.0.0':
    resolution: {integrity: sha512-vHVKzbvHVKGSrkMB1lZAl8z3eJ8sPRnSR+DWn+IhqHcTsDdDyly2NNj4i2vTSrEA39CztGqkx0OnKM4vkpiZHw==}

  '@material/tab-bar@14.0.0':
    resolution: {integrity: sha512-G/UYEOIcljCHlkj3iCRGIz4zE9RVcsdC9wuOR6LE2rla6EGyT0x2psNlL0pIMROjXoB0HGda/gB90ovzKcbURA==}

  '@material/tab-indicator@14.0.0':
    resolution: {integrity: sha512-wfq136fsJGqtCIW8x1wFQHgRr7dIQ9SWqp6WG4FQGHpSzliNDA23/bdBUjh3lX2U+mfbdsFmZWEPy06jg2uc5g==}

  '@material/tab-scroller@14.0.0':
    resolution: {integrity: sha512-wadETsRM7vT4mRjXedaPXxI/WFSSgqHRNI//dORJ6627hoiJfLb5ixwUKTYk9zTz6gNwAlRTrKh98Dr9T7n7Kw==}

  '@material/tab@14.0.0':
    resolution: {integrity: sha512-jGSQdp6BvZOVnvGbv0DvNDJL2lHYVFtKGehV0gSZ7FrjHK6gZnKZjWOVwt1NPu9ig9zy85vPRFpvFTeje1KZpg==}

  '@material/textfield@14.0.0':
    resolution: {integrity: sha512-HGbtAlvlIB2vWBq85yw5wQeeP3Kndl6Z0TJzQ6piVtcfdl2mPyWhuuVHQRRAOis3rCIaAAaxCQYYTJh8wIi0XQ==}

  '@material/theme@14.0.0':
    resolution: {integrity: sha512-6/SENWNIFuXzeHMPHrYwbsXKgkvCtWuzzQ3cUu4UEt3KcQ5YpViazIM6h8ByYKZP8A9d8QpkJ0WGX5btGDcVoA==}

  '@material/tokens@14.0.0':
    resolution: {integrity: sha512-SXgB9VwsKW4DFkHmJfDIS0x0cGdMWC1D06m6z/WQQ5P5j6/m0pKrbHVlrLzXcRjau+mFhXGvj/KyPo9Pp/Rc8Q==}

  '@material/tooltip@14.0.0':
    resolution: {integrity: sha512-rp7sOuVE1hmg4VgBJMnSvtDbSzctL42X7y1yv8ukuu40Sli+H5FT0Zbn351EfjJgQWg/AlXA6+reVXkXje8JzQ==}

  '@material/top-app-bar@14.0.0':
    resolution: {integrity: sha512-uPej5vHgZnlSB1+koiA9FnabXrHh3O/Npl2ifpUgDVwHDSOxKvLp2LNjyCO71co1QLNnNHIU0xXv3B97Gb0rpA==}

  '@material/touch-target@14.0.0':
    resolution: {integrity: sha512-o3kvxmS4HkmZoQTvtzLJrqSG+ezYXkyINm3Uiwio1PTg67pDgK5FRwInkz0VNaWPcw9+5jqjUQGjuZMtjQMq8w==}

  '@material/typography@14.0.0':
    resolution: {integrity: sha512-/QtHBYiTR+TPMryM/CT386B2WlAQf/Ae32V324Z7P40gHLKY/YBXx7FDutAWZFeOerq/two4Nd2aAHBcMM2wMw==}

  '@material/web@2.2.0':
    resolution: {integrity: sha512-k1Pi7f04qDRkHfIEdcnL++udN+x5Oq34R47n0Fk7Xo49uz9aKb6ZkO42jC6uvMH0ahOiFDktX9txHgYMDvNa+A==}

  '@rollup/plugin-node-resolve@13.3.0':
    resolution: {integrity: sha512-Lus8rbUo1eEcnS4yTFKLZrVumLPY+YayBdWXgFSHYhTT2iJbMhoaaBL3xl5NCdeRytErGr8tZ0L71BMRmnlwSw==}
    engines: {node: '>= 10.0.0'}
    peerDependencies:
      rollup: ^2.42.0

  '@rollup/plugin-replace@5.0.7':
    resolution: {integrity: sha512-PqxSfuorkHz/SPpyngLyg5GCEkOcee9M1bkxiVDr41Pd61mqP1PLOoDPbpl44SB2mQGKwV/In74gqQmGITOhEQ==}
    engines: {node: '>=14.0.0'}
    peerDependencies:
      rollup: ^1.20.0||^2.0.0||^3.0.0||^4.0.0
    peerDependenciesMeta:
      rollup:
        optional: true

  '@rollup/pluginutils@3.1.0':
    resolution: {integrity: sha512-GksZ6pr6TpIjHm8h9lSQ8pi8BE9VeubNT0OMJ3B5uZJ8pz73NPiqOtCog/x2/QzM1ENChPKxMDhiQuRHsqc+lg==}
    engines: {node: '>= 8.0.0'}
    peerDependencies:
      rollup: ^1.20.0||^2.0.0

  '@rollup/pluginutils@5.1.0':
    resolution: {integrity: sha512-XTIWOPPcpvyKI6L1NHo0lFlCyznUEyPmPY1mc3KpPVDYulHSTvyeLNVW00QTLIAFNhR3kYnJTQHeGqU4M3n09g==}
    engines: {node: '>=14.0.0'}
    peerDependencies:
      rollup: ^1.20.0||^2.0.0||^3.0.0||^4.0.0
    peerDependenciesMeta:
      rollup:
        optional: true

  '@types/estree@0.0.39':
    resolution: {integrity: sha512-EYNwp3bU+98cpU4lAWYYL7Zz+2gryWH1qbdDTidVd6hkiR6weksdbMadyXKXNPEkQFhXM+hVO9ZygomHXp+AIw==}

  '@types/estree@1.0.6':
    resolution: {integrity: sha512-AYnb1nQyY49te+VRAVgmzfcgjYS91mY5P0TKUDCLEM+gNnA+3T6rWITXRLYCpahpqSQbN5cE+gHpnPyXjHWxcw==}

  '@types/node@22.5.5':
    resolution: {integrity: sha512-Xjs4y5UPO/CLdzpgR6GirZJx36yScjh73+2NlLlkFRSoQN8B0DpfXPdZGnvVmLRLOsqDpOfTNv7D9trgGhmOIA==}

  '@types/resolve@1.17.1':
    resolution: {integrity: sha512-yy7HuzQhj0dhGpD8RLXSZWEkLsV9ibvxvi6EiJ3bkqLAO1RGo0WbkWQiwpRlSFymTJRz0d3k5LM3kkx8ArDbLw==}

  '@types/trusted-types@2.0.7':
    resolution: {integrity: sha512-ScaPdn1dQczgbl0QFTeTOmVHFULt394XJgOQNoyVhZ6r2vLnMLJfBPd53SB52T/3G36VI1/g2MZaX0cwDuXsfw==}

  acorn@8.12.1:
    resolution: {integrity: sha512-tcpGyI9zbizT9JbV6oYE477V6mTlXvvi0T0G3SNIYE2apm/G5huBa1+K89VGeovbg+jycCrfhl3ADxErOuO6Jg==}
    engines: {node: '>=0.4.0'}
    hasBin: true

  ansi-regex@5.0.1:
    resolution: {integrity: sha512-quJQXlTSUGL2LH9SUXo8VwsY4soanhgo6LNSm84E1LBcE8s3O0wpdiRzyR9z/ZZJMlMWv37qOOb9pdJlMUEKFQ==}
    engines: {node: '>=8'}

  anymatch@3.1.3:
    resolution: {integrity: sha512-KMReFUr0B4t+D+OBkjR3KYqvocp2XaSzO55UcB6mgQMd3KbcE+mWTyvVV7D/zsdEbNnV6acZUutkiHQXvTr1Rw==}
    engines: {node: '>= 8'}

  binary-extensions@2.3.0:
    resolution: {integrity: sha512-Ceh+7ox5qe7LJuLHoY0feh3pHuUDHAcRUeyL2VYghZwfpkNIy/+8Ocg0a3UuSoYzavmylwuLWQOf3hl0jjMMIw==}
    engines: {node: '>=8'}

  braces@3.0.3:
    resolution: {integrity: sha512-yQbXgO/OSZVD2IsiLlro+7Hf6Q18EJrKSEsdoMzKePKXct3gvD8oLcOQdIzGupr5Fj+EDe8gO/lxc1BzfMpxvA==}
    engines: {node: '>=8'}

  brotli-size@4.0.0:
    resolution: {integrity: sha512-uA9fOtlTRC0iqKfzff1W34DXUA3GyVqbUaeo3Rw3d4gd1eavKVCETXrn3NzO74W+UVkG3UHu8WxUi+XvKI/huA==}
    engines: {node: '>= 10.16.0'}

  buffer-from@1.1.2:
    resolution: {integrity: sha512-E+XQCRwSbaaiChtv6k6Dwgc+bx+Bs6vuKJHHl5kox/BaKbhiXzqQOwK4cO22yElGp2OCmjwVhT3HmxgyPGnJfQ==}

  builtin-modules@3.3.0:
    resolution: {integrity: sha512-zhaCDicdLuWN5UbN5IMnFqNMhNfo919sH85y2/ea+5Yg9TsTkeZxpL+JLbp6cgYFS4sRLp3YV4S6yDuqVWHYOw==}
    engines: {node: '>=6'}

  chokidar@3.6.0:
    resolution: {integrity: sha512-7VT13fmjotKpGipCW9JEQAusEPE+Ei8nl6/g4FBAmIm0GOOLMua9NDDo/DWp0ZAxCr3cPq5ZpBqmPAQgDda2Pw==}
    engines: {node: '>= 8.10.0'}

  cli-table3@0.6.5:
    resolution: {integrity: sha512-+W/5efTR7y5HRD7gACw9yQjqMVvEMLBHmboM/kPWam+H+Hmyrgjh6YncVKK122YZkXrLudzTuAukUw9FnMf7IQ==}
    engines: {node: 10.* || >= 12.*}

  commander@2.20.3:
    resolution: {integrity: sha512-GpVkmM8vF2vQUkj2LvZmD35JxeJOLCwJ9cUkugyk2nuhbv3+mJvpLYYt+0+USMxE+oj+ey/lJEnhZw75x/OMcQ==}

  deepmerge@4.3.1:
    resolution: {integrity: sha512-3sUqbMEc77XqpdNO7FRyRog+eW3ph+GYCbj+rK+uYyRMuwsVy0rMiVtPn+QJlKFvWP/1PYpapqYn0Me2knFn+A==}
    engines: {node: '>=0.10.0'}

  duplexer@0.1.1:
    resolution: {integrity: sha512-sxNZ+ljy+RA1maXoUReeqBBpBC6RLKmg5ewzV+x+mSETmWNoKdZN6vcQjpFROemza23hGFskJtFNoUWUaQ+R4Q==}

  duplexer@0.1.2:
    resolution: {integrity: sha512-jtD6YG370ZCIi/9GTaJKQxWTZD045+4R4hTk/x1UyoqadyJ9x9CgSi1RlVDQF8U2sxLLSnFkCaMihqljHIWgMg==}

  emoji-regex@8.0.0:
    resolution: {integrity: sha512-MSjYzcWNOA0ewAHpz0MxpYFvwg6yjy1NG3xteoqz644VCo/RPgnr1/GGt+ic3iJTzQ8Eu3TdM14SawnVUmGE6A==}

  estree-walker@1.0.1:
    resolution: {integrity: sha512-1fMXF3YP4pZZVozF8j/ZLfvnR8NSIljt56UhbZ5PeeDmmGHpgpdwQt7ITlGvYaQukCvuBRMLEiKiYC+oeIg4cg==}

  estree-walker@2.0.2:
    resolution: {integrity: sha512-Rfkk/Mp/DL7JVje3u18FxFujQlTNR2q6QfMSMB7AvCBx91NGj/ba3kCfza0f6dVDbw7YlRf/nDrn7pQrCCyQ/w==}

  filesize@8.0.7:
    resolution: {integrity: sha512-pjmC+bkIF8XI7fWaH8KxHcZL3DPybs1roSKP4rKDvy20tAWwIObE4+JIseG2byfGKhud5ZnM4YSGKBz7Sh0ndQ==}
    engines: {node: '>= 0.4.0'}

  fill-range@7.1.1:
    resolution: {integrity: sha512-YsGpe3WHLK8ZYi4tWDg2Jy3ebRz2rXowDxnld4bkQB00cc/1Zw9AWnC0i9ztDJitivtQvaI9KaLyKrc+hBW0yg==}
    engines: {node: '>=8'}

  fsevents@2.3.3:
    resolution: {integrity: sha512-5xoDfX+fL7faATnagmWPpbFtwh/R77WmMMqqHGS65C3vvB0YHrgF+B1YmZ3441tMj5n63k0212XNoJwzlhffQw==}
    engines: {node: ^8.16.0 || ^10.6.0 || >=11.0.0}
    os: [darwin]

  function-bind@1.1.2:
    resolution: {integrity: sha512-7XHNxH7qX9xG5mIwxkhumTox/MIRNcOgDrxWsMt2pAr23WHp6MrRlN7FBSFpCpr+oVO0F744iUgR82nJMfG2SA==}

  glob-parent@5.1.2:
    resolution: {integrity: sha512-AOIgSQCepiJYwP3ARnGx+5VnTu2HBYdzbGP45eLw1vr3zB3vZLeyed1sC9hnbcOc9/SrMyM5RPQrkGz4aS9Zow==}
    engines: {node: '>= 6'}

  gzip-size@7.0.0:
    resolution: {integrity: sha512-O1Ld7Dr+nqPnmGpdhzLmMTQ4vAsD+rHwMm1NLUmoUFFymBOMKxCCrtDxqdBRYXdeEPEi3SyoR4TizJLQrnKBNA==}
    engines: {node: ^12.20.0 || ^14.13.1 || >=16.0.0}

  hasown@2.0.2:
    resolution: {integrity: sha512-0hJU9SCPvmMzIBdZFqNPXWa6dqh7WdH0cII9y+CyS8rG3nL48Bclra9HmKhVVUHyPWNH5Y7xDwAB7bfgSjkUMQ==}
    engines: {node: '>= 0.4'}

  is-binary-path@2.1.0:
    resolution: {integrity: sha512-ZMERYes6pDydyuGidse7OsHxtbI7WVeUEozgR/g7rd0xUimYNlvZRE/K2MgZTjWy725IfelLeVcEM97mmtRGXw==}
    engines: {node: '>=8'}

  is-builtin-module@3.2.1:
    resolution: {integrity: sha512-BSLE3HnV2syZ0FK0iMA/yUGplUeMmNz4AW5fnTunbCIqZi4vG3WjJT9FHMy5D69xmAYBHXQhJdALdpwVxV501A==}
    engines: {node: '>=6'}

  is-core-module@2.15.1:
    resolution: {integrity: sha512-z0vtXSwucUJtANQWldhbtbt7BnL0vxiFjIdDLAatwhDYty2bad6s+rijD6Ri4YuYJubLzIJLUidCh09e1djEVQ==}
    engines: {node: '>= 0.4'}

  is-extglob@2.1.1:
    resolution: {integrity: sha512-SbKbANkN603Vi4jEZv49LeVJMn4yGwsbzZworEoyEiutsN3nJYdbO36zfhGJ6QEDpOZIFkDtnq5JRxmvl3jsoQ==}
    engines: {node: '>=0.10.0'}

  is-fullwidth-code-point@3.0.0:
    resolution: {integrity: sha512-zymm5+u+sCsSWyD9qNaejV3DFvhCKclKdizYaJUuHA83RLjb7nSuGnddCHGv0hk+KY7BMAlsWeK4Ueg6EV6XQg==}
    engines: {node: '>=8'}

  is-glob@4.0.3:
    resolution: {integrity: sha512-xelSayHH36ZgE7ZWhli7pW34hNbNl8Ojv5KVmkJD4hBdD3th8Tfk9vYasLM+mXWOZhFkgZfxhLSnrwRr4elSSg==}
    engines: {node: '>=0.10.0'}

  is-module@1.0.0:
    resolution: {integrity: sha512-51ypPSPCoTEIN9dy5Oy+h4pShgJmPCygKfyRCISBI+JoWT/2oJvK8QPxmwv7b/p239jXrm9M1mlQbyKJ5A152g==}

  is-number@7.0.0:
    resolution: {integrity: sha512-41Cifkg6e8TylSpdtTpeLVMqvSBEVzTttHvERD741+pnZ8ANv0004MRL43QKPDlK9cGvNp6NZWZUBlbGXYxxng==}
    engines: {node: '>=0.12.0'}

  lit-element@4.1.0:
    resolution: {integrity: sha512-gSejRUQJuMQjV2Z59KAS/D4iElUhwKpIyJvZ9w+DIagIQjfJnhR20h2Q5ddpzXGS+fF0tMZ/xEYGMnKmaI/iww==}

  lit-html@3.2.0:
    resolution: {integrity: sha512-pwT/HwoxqI9FggTrYVarkBKFN9MlTUpLrDHubTmW4SrkL3kkqW5gxwbxMMUnbbRHBC0WTZnYHcjDSCM559VyfA==}

  lit@3.2.0:
    resolution: {integrity: sha512-s6tI33Lf6VpDu7u4YqsSX78D28bYQulM+VAzsGch4fx2H0eLZnJsUBsPWmGYSGoKDNbjtRv02rio1o+UdPVwvw==}

  magic-string@0.30.11:
    resolution: {integrity: sha512-+Wri9p0QHMy+545hKww7YAu5NyzF8iomPL/RQazugQ9+Ez4Ic3mERMd8ZTX5rfK944j+560ZJi8iAwgak1Ac7A==}

  material-components-web@14.0.0:
    resolution: {integrity: sha512-bfGTQQOMhlBfZYkMzXNdydotG8p/hntiln13IRVIN38F170OU/y7ONpCxUweANDEVxrMeKAupVw/4u9in+LKFA==}

  normalize-path@3.0.0:
    resolution: {integrity: sha512-6eZs5Ls3WtCisHWp9S2GUy8dqkpGi4BVSz3GaqiE6ezub0512ESztXUwUB6C6IKbQkY2Pnb/mD4WYojCRwcwLA==}
    engines: {node: '>=0.10.0'}

  path-parse@1.0.7:
    resolution: {integrity: sha512-LDJzPVEEEPR+y48z93A0Ed0yXb8pAByGWo/k5YYdYgpY2/2EsOsksJrq7lOHxryrVOn1ejG6oAp8ahvOIQD8sw==}

  picomatch@2.3.1:
    resolution: {integrity: sha512-JU3teHTNjmE2VCGFzuY8EXzCDVwEqB2a8fsIvwaStHhAWJEeVd1o1QD80CU6+ZdEXXSLbSsuLwJjkCBWqRQUVA==}
    engines: {node: '>=8.6'}

  readdirp@3.6.0:
    resolution: {integrity: sha512-hOS089on8RduqdbhvQ5Z37A0ESjsqz6qnRcffsMU3495FuTdqSm+7bhJ29JvIOsBDEEnan5DPu9t3To9VRlMzA==}
    engines: {node: '>=8.10.0'}

  regexp@1.0.0:
    resolution: {integrity: sha512-joutOgQ0Zx9S3+9URDOwpyfEPVx0tLxvKaIhFq9KV8j5JzIMaOpCT8v+a8cKdYsk/SwSztuyDMl5m1Q7QonIgQ==}

  resolve@1.22.8:
    resolution: {integrity: sha512-oKWePCxqpd6FlLvGV1VU0x7bkPmmCNolxzjMf4NczoDnQcIWrAF+cPtZn5i6n+RfD2d9i0tzpKnG6Yk168yIyw==}
    hasBin: true

  rollup-plugin-summary@1.4.3:
    resolution: {integrity: sha512-m1xViwOlgocoIaaUX8AdWQVFHzti69MXqrdBsxFsXnQOIqtoU9KSNMZjlToAJvV8pjB85+boAw/P3Yu6F/VIaA==}
    engines: {node: '>=14.0.0'}
    peerDependencies:
      rollup: ^2.0.0

  rollup@2.79.1:
    resolution: {integrity: sha512-uKxbd0IhMZOhjAiD5oAFp7BqvkA4Dv47qpOCtaNvng4HBwdbWtdOh8f5nZNuk2rp51PMGk3bzfWu5oayNEuYnw==}
    engines: {node: '>=10.0.0'}
    hasBin: true

  sass@1.39.2:
    resolution: {integrity: sha512-4/6Vn2RPc+qNwSclUSKvssh7dqK1Ih3FfHBW16I/GfH47b3scbYeOw65UIrYG7PkweFiKbpJjgkf5CV8EMmvzw==}
    engines: {node: '>=8.9.0'}
    hasBin: true

  source-map-support@0.5.21:
    resolution: {integrity: sha512-uBHU3L3czsIyYXKX88fdrGovxdSCoTGDRZ6SYXtSRxLZUzHg5P/66Ht6uoUlHu9EZod+inXhKo3qQgwXUT/y1w==}

  source-map@0.6.1:
    resolution: {integrity: sha512-UjgapumWlbMhkBgzT7Ykc5YXUT46F0iKu8SGXq0bcwP5dz/h0Plj6enJqjz1Zbq2l5WaqYnrVbwWOWMyF3F47g==}
    engines: {node: '>=0.10.0'}

  string-width@4.2.3:
    resolution: {integrity: sha512-wKyQRQpjJ0sIp62ErSZdGsjMJWsap5oRNihHhu6G7JVO/9jIB6UyevL+tXuOqrng8j/cxKTWyWUwvSTriiZz/g==}
    engines: {node: '>=8'}

  strip-ansi@6.0.1:
    resolution: {integrity: sha512-Y38VPSHcqkFrCpFnQ9vuSXmquuv5oXOKpGeT6aGrr3o3Gc9AlVa6JBfUSOCnbxGGZF+/0ooI7KrPuUSztUdU5A==}
    engines: {node: '>=8'}

  supports-preserve-symlinks-flag@1.0.0:
    resolution: {integrity: sha512-ot0WnXS9fgdkgIcePe6RHNk1WA8+muPa6cSjeR3V8K27q9BB1rTE3R1p7Hv0z1ZyAc8s6Vvv8DIyWf681MAt0w==}
    engines: {node: '>= 0.4'}

  terser@5.33.0:
    resolution: {integrity: sha512-JuPVaB7s1gdFKPKTelwUyRq5Sid2A3Gko2S0PncwdBq7kN9Ti9HPWDQ06MPsEDGsZeVESjKEnyGy68quBk1w6g==}
    engines: {node: '>=10'}
    hasBin: true

  to-regex-range@5.0.1:
    resolution: {integrity: sha512-65P7iz6X5yEr1cwcgvQxbbIw7Uk3gOy5dIdtZ4rDveLqhrdJP+Li/Hx6tyK0NEb+2GCyneCMJiGqrADCSNk8sQ==}
    engines: {node: '>=8.0'}

  tslib@2.7.0:
    resolution: {integrity: sha512-gLXCKdN1/j47AiHiOkJN69hJmcbGTHI0ImLmbYLHykhgeN0jVGola9yVjFgzCUklsZQMW55o+dW7IXv3RCXDzA==}

  typescript@5.6.2:
    resolution: {integrity: sha512-NW8ByodCSNCwZeghjN3o+JX5OFH0Ojg6sadjEKY4huZ52TqbJTJnDo5+Tw98lSy63NZvi4n+ez5m2u5d4PkZyw==}
    engines: {node: '>=14.17'}
    hasBin: true

  undici-types@6.19.8:
    resolution: {integrity: sha512-ve2KP6f/JnbPBFyobGHuerC9g1FYGn/F8n1LWTwNxCEzd6IfqTwUQcNXgEtmmQ6DlRrC1hrSrBnCZPokRrDHjw==}

snapshots:

  '@colors/colors@1.5.0':
    optional: true

  '@jridgewell/gen-mapping@0.3.5':
    dependencies:
      '@jridgewell/set-array': 1.2.1
      '@jridgewell/sourcemap-codec': 1.5.0
      '@jridgewell/trace-mapping': 0.3.25

  '@jridgewell/resolve-uri@3.1.2': {}

  '@jridgewell/set-array@1.2.1': {}

  '@jridgewell/source-map@0.3.6':
    dependencies:
      '@jridgewell/gen-mapping': 0.3.5
      '@jridgewell/trace-mapping': 0.3.25

  '@jridgewell/sourcemap-codec@1.5.0': {}

  '@jridgewell/trace-mapping@0.3.25':
    dependencies:
      '@jridgewell/resolve-uri': 3.1.2
      '@jridgewell/sourcemap-codec': 1.5.0

  '@lit-labs/ssr-dom-shim@1.2.1': {}

  '@lit/reactive-element@2.0.4':
    dependencies:
      '@lit-labs/ssr-dom-shim': 1.2.1

  '@material/animation@14.0.0':
    dependencies:
      tslib: 2.7.0

  '@material/auto-init@14.0.0':
    dependencies:
      '@material/base': 14.0.0
      tslib: 2.7.0

  '@material/banner@14.0.0':
    dependencies:
      '@material/base': 14.0.0
      '@material/button': 14.0.0
      '@material/dom': 14.0.0
      '@material/elevation': 14.0.0
      '@material/feature-targeting': 14.0.0
      '@material/ripple': 14.0.0
      '@material/rtl': 14.0.0
      '@material/shape': 14.0.0
      '@material/theme': 14.0.0
      '@material/tokens': 14.0.0
      '@material/typography': 14.0.0
      tslib: 2.7.0

  '@material/base@14.0.0':
    dependencies:
      tslib: 2.7.0

  '@material/button@14.0.0':
    dependencies:
      '@material/density': 14.0.0
      '@material/dom': 14.0.0
      '@material/elevation': 14.0.0
      '@material/feature-targeting': 14.0.0
      '@material/focus-ring': 14.0.0
      '@material/ripple': 14.0.0
      '@material/rtl': 14.0.0
      '@material/shape': 14.0.0
      '@material/theme': 14.0.0
      '@material/tokens': 14.0.0
      '@material/touch-target': 14.0.0
      '@material/typography': 14.0.0
      tslib: 2.7.0

  '@material/card@14.0.0':
    dependencies:
      '@material/dom': 14.0.0
      '@material/elevation': 14.0.0
      '@material/feature-targeting': 14.0.0
      '@material/ripple': 14.0.0
      '@material/rtl': 14.0.0
      '@material/shape': 14.0.0
      '@material/theme': 14.0.0
      tslib: 2.7.0

  '@material/checkbox@14.0.0':
    dependencies:
      '@material/animation': 14.0.0
      '@material/base': 14.0.0
      '@material/density': 14.0.0
      '@material/dom': 14.0.0
      '@material/feature-targeting': 14.0.0
      '@material/focus-ring': 14.0.0
      '@material/ripple': 14.0.0
      '@material/theme': 14.0.0
      '@material/touch-target': 14.0.0
      tslib: 2.7.0

  '@material/chips@14.0.0':
    dependencies:
      '@material/animation': 14.0.0
      '@material/base': 14.0.0
      '@material/checkbox': 14.0.0
      '@material/density': 14.0.0
      '@material/dom': 14.0.0
      '@material/elevation': 14.0.0
      '@material/feature-targeting': 14.0.0
      '@material/focus-ring': 14.0.0
      '@material/ripple': 14.0.0
      '@material/rtl': 14.0.0
      '@material/shape': 14.0.0
      '@material/theme': 14.0.0
      '@material/tokens': 14.0.0
      '@material/touch-target': 14.0.0
      '@material/typography': 14.0.0
      tslib: 2.7.0

  '@material/circular-progress@14.0.0':
    dependencies:
      '@material/animation': 14.0.0
      '@material/base': 14.0.0
      '@material/feature-targeting': 14.0.0
      '@material/progress-indicator': 14.0.0
      '@material/rtl': 14.0.0
      '@material/theme': 14.0.0
      tslib: 2.7.0

  '@material/data-table@14.0.0':
    dependencies:
      '@material/animation': 14.0.0
      '@material/base': 14.0.0
      '@material/checkbox': 14.0.0
      '@material/density': 14.0.0
      '@material/dom': 14.0.0
      '@material/elevation': 14.0.0
      '@material/feature-targeting': 14.0.0
      '@material/icon-button': 14.0.0
      '@material/linear-progress': 14.0.0
      '@material/list': 14.0.0
      '@material/menu': 14.0.0
      '@material/rtl': 14.0.0
      '@material/select': 14.0.0
      '@material/shape': 14.0.0
      '@material/theme': 14.0.0
      '@material/touch-target': 14.0.0
      '@material/typography': 14.0.0
      tslib: 2.7.0

  '@material/density@14.0.0':
    dependencies:
      tslib: 2.7.0

  '@material/dialog@14.0.0':
    dependencies:
      '@material/animation': 14.0.0
      '@material/base': 14.0.0
      '@material/button': 14.0.0
      '@material/dom': 14.0.0
      '@material/elevation': 14.0.0
      '@material/feature-targeting': 14.0.0
      '@material/icon-button': 14.0.0
      '@material/ripple': 14.0.0
      '@material/rtl': 14.0.0
      '@material/shape': 14.0.0
      '@material/theme': 14.0.0
      '@material/tokens': 14.0.0
      '@material/touch-target': 14.0.0
      '@material/typography': 14.0.0
      tslib: 2.7.0

  '@material/dom@14.0.0':
    dependencies:
      '@material/feature-targeting': 14.0.0
      tslib: 2.7.0

  '@material/drawer@14.0.0':
    dependencies:
      '@material/animation': 14.0.0
      '@material/base': 14.0.0
      '@material/dom': 14.0.0
      '@material/elevation': 14.0.0
      '@material/feature-targeting': 14.0.0
      '@material/list': 14.0.0
      '@material/ripple': 14.0.0
      '@material/rtl': 14.0.0
      '@material/shape': 14.0.0
      '@material/theme': 14.0.0
      '@material/typography': 14.0.0
      tslib: 2.7.0

  '@material/elevation@14.0.0':
    dependencies:
      '@material/animation': 14.0.0
      '@material/base': 14.0.0
      '@material/feature-targeting': 14.0.0
      '@material/rtl': 14.0.0
      '@material/theme': 14.0.0
      tslib: 2.7.0

  '@material/fab@14.0.0':
    dependencies:
      '@material/animation': 14.0.0
      '@material/dom': 14.0.0
      '@material/elevation': 14.0.0
      '@material/feature-targeting': 14.0.0
      '@material/focus-ring': 14.0.0
      '@material/ripple': 14.0.0
      '@material/rtl': 14.0.0
      '@material/shape': 14.0.0
      '@material/theme': 14.0.0
      '@material/tokens': 14.0.0
      '@material/touch-target': 14.0.0
      '@material/typography': 14.0.0
      tslib: 2.7.0

  '@material/feature-targeting@14.0.0':
    dependencies:
      tslib: 2.7.0

  '@material/floating-label@14.0.0':
    dependencies:
      '@material/animation': 14.0.0
      '@material/base': 14.0.0
      '@material/dom': 14.0.0
      '@material/feature-targeting': 14.0.0
      '@material/rtl': 14.0.0
      '@material/theme': 14.0.0
      '@material/typography': 14.0.0
      tslib: 2.7.0

  '@material/focus-ring@14.0.0':
    dependencies:
      '@material/dom': 14.0.0
      '@material/feature-targeting': 14.0.0
      '@material/rtl': 14.0.0

  '@material/form-field@14.0.0':
    dependencies:
      '@material/base': 14.0.0
      '@material/feature-targeting': 14.0.0
      '@material/ripple': 14.0.0
      '@material/rtl': 14.0.0
      '@material/theme': 14.0.0
      '@material/typography': 14.0.0
      tslib: 2.7.0

  '@material/icon-button@14.0.0':
    dependencies:
      '@material/base': 14.0.0
      '@material/density': 14.0.0
      '@material/dom': 14.0.0
      '@material/elevation': 14.0.0
      '@material/feature-targeting': 14.0.0
      '@material/focus-ring': 14.0.0
      '@material/ripple': 14.0.0
      '@material/rtl': 14.0.0
      '@material/theme': 14.0.0
      '@material/touch-target': 14.0.0
      tslib: 2.7.0

  '@material/image-list@14.0.0':
    dependencies:
      '@material/feature-targeting': 14.0.0
      '@material/shape': 14.0.0
      '@material/theme': 14.0.0
      '@material/typography': 14.0.0
      tslib: 2.7.0

  '@material/layout-grid@14.0.0':
    dependencies:
      tslib: 2.7.0

  '@material/line-ripple@14.0.0':
    dependencies:
      '@material/animation': 14.0.0
      '@material/base': 14.0.0
      '@material/feature-targeting': 14.0.0
      '@material/theme': 14.0.0
      tslib: 2.7.0

  '@material/linear-progress@14.0.0':
    dependencies:
      '@material/animation': 14.0.0
      '@material/base': 14.0.0
      '@material/dom': 14.0.0
      '@material/feature-targeting': 14.0.0
      '@material/progress-indicator': 14.0.0
      '@material/rtl': 14.0.0
      '@material/theme': 14.0.0
      tslib: 2.7.0

  '@material/list@14.0.0':
    dependencies:
      '@material/base': 14.0.0
      '@material/density': 14.0.0
      '@material/dom': 14.0.0
      '@material/feature-targeting': 14.0.0
      '@material/ripple': 14.0.0
      '@material/rtl': 14.0.0
      '@material/shape': 14.0.0
      '@material/theme': 14.0.0
      '@material/typography': 14.0.0
      tslib: 2.7.0

  '@material/menu-surface@14.0.0':
    dependencies:
      '@material/animation': 14.0.0
      '@material/base': 14.0.0
      '@material/elevation': 14.0.0
      '@material/feature-targeting': 14.0.0
      '@material/rtl': 14.0.0
      '@material/shape': 14.0.0
      '@material/theme': 14.0.0
      tslib: 2.7.0

  '@material/menu@14.0.0':
    dependencies:
      '@material/base': 14.0.0
      '@material/dom': 14.0.0
      '@material/elevation': 14.0.0
      '@material/feature-targeting': 14.0.0
      '@material/list': 14.0.0
      '@material/menu-surface': 14.0.0
      '@material/ripple': 14.0.0
      '@material/rtl': 14.0.0
      '@material/theme': 14.0.0
      tslib: 2.7.0

  '@material/notched-outline@14.0.0':
    dependencies:
      '@material/base': 14.0.0
      '@material/feature-targeting': 14.0.0
      '@material/floating-label': 14.0.0
      '@material/rtl': 14.0.0
      '@material/shape': 14.0.0
      '@material/theme': 14.0.0
      tslib: 2.7.0

  '@material/progress-indicator@14.0.0':
    dependencies:
      tslib: 2.7.0

  '@material/radio@14.0.0':
    dependencies:
      '@material/animation': 14.0.0
      '@material/base': 14.0.0
      '@material/density': 14.0.0
      '@material/dom': 14.0.0
      '@material/feature-targeting': 14.0.0
      '@material/focus-ring': 14.0.0
      '@material/ripple': 14.0.0
      '@material/theme': 14.0.0
      '@material/touch-target': 14.0.0
      tslib: 2.7.0

  '@material/ripple@14.0.0':
    dependencies:
      '@material/animation': 14.0.0
      '@material/base': 14.0.0
      '@material/dom': 14.0.0
      '@material/feature-targeting': 14.0.0
      '@material/rtl': 14.0.0
      '@material/theme': 14.0.0
      tslib: 2.7.0

  '@material/rtl@14.0.0':
    dependencies:
      '@material/theme': 14.0.0
      tslib: 2.7.0

  '@material/segmented-button@14.0.0':
    dependencies:
      '@material/base': 14.0.0
      '@material/elevation': 14.0.0
      '@material/feature-targeting': 14.0.0
      '@material/ripple': 14.0.0
      '@material/theme': 14.0.0
      '@material/touch-target': 14.0.0
      '@material/typography': 14.0.0
      tslib: 2.7.0

  '@material/select@14.0.0':
    dependencies:
      '@material/animation': 14.0.0
      '@material/base': 14.0.0
      '@material/density': 14.0.0
      '@material/dom': 14.0.0
      '@material/elevation': 14.0.0
      '@material/feature-targeting': 14.0.0
      '@material/floating-label': 14.0.0
      '@material/line-ripple': 14.0.0
      '@material/list': 14.0.0
      '@material/menu': 14.0.0
      '@material/menu-surface': 14.0.0
      '@material/notched-outline': 14.0.0
      '@material/ripple': 14.0.0
      '@material/rtl': 14.0.0
      '@material/shape': 14.0.0
      '@material/theme': 14.0.0
      '@material/tokens': 14.0.0
      '@material/typography': 14.0.0
      tslib: 2.7.0

  '@material/shape@14.0.0':
    dependencies:
      '@material/feature-targeting': 14.0.0
      '@material/rtl': 14.0.0
      '@material/theme': 14.0.0
      tslib: 2.7.0

  '@material/slider@14.0.0':
    dependencies:
      '@material/animation': 14.0.0
      '@material/base': 14.0.0
      '@material/dom': 14.0.0
      '@material/elevation': 14.0.0
      '@material/feature-targeting': 14.0.0
      '@material/ripple': 14.0.0
      '@material/rtl': 14.0.0
      '@material/theme': 14.0.0
      '@material/typography': 14.0.0
      tslib: 2.7.0

  '@material/snackbar@14.0.0':
    dependencies:
      '@material/animation': 14.0.0
      '@material/base': 14.0.0
      '@material/button': 14.0.0
      '@material/dom': 14.0.0
      '@material/elevation': 14.0.0
      '@material/feature-targeting': 14.0.0
      '@material/icon-button': 14.0.0
      '@material/ripple': 14.0.0
      '@material/rtl': 14.0.0
      '@material/shape': 14.0.0
      '@material/theme': 14.0.0
      '@material/typography': 14.0.0
      tslib: 2.7.0

  '@material/switch@14.0.0':
    dependencies:
      '@material/animation': 14.0.0
      '@material/base': 14.0.0
      '@material/density': 14.0.0
      '@material/dom': 14.0.0
      '@material/elevation': 14.0.0
      '@material/feature-targeting': 14.0.0
      '@material/focus-ring': 14.0.0
      '@material/ripple': 14.0.0
      '@material/rtl': 14.0.0
      '@material/shape': 14.0.0
      '@material/theme': 14.0.0
      '@material/tokens': 14.0.0
      tslib: 2.7.0

  '@material/tab-bar@14.0.0':
    dependencies:
      '@material/animation': 14.0.0
      '@material/base': 14.0.0
      '@material/density': 14.0.0
      '@material/elevation': 14.0.0
      '@material/feature-targeting': 14.0.0
      '@material/tab': 14.0.0
      '@material/tab-indicator': 14.0.0
      '@material/tab-scroller': 14.0.0
      '@material/theme': 14.0.0
      '@material/typography': 14.0.0
      tslib: 2.7.0

  '@material/tab-indicator@14.0.0':
    dependencies:
      '@material/animation': 14.0.0
      '@material/base': 14.0.0
      '@material/feature-targeting': 14.0.0
      '@material/theme': 14.0.0
      tslib: 2.7.0

  '@material/tab-scroller@14.0.0':
    dependencies:
      '@material/animation': 14.0.0
      '@material/base': 14.0.0
      '@material/dom': 14.0.0
      '@material/feature-targeting': 14.0.0
      '@material/tab': 14.0.0
      tslib: 2.7.0

  '@material/tab@14.0.0':
    dependencies:
      '@material/base': 14.0.0
      '@material/elevation': 14.0.0
      '@material/feature-targeting': 14.0.0
      '@material/focus-ring': 14.0.0
      '@material/ripple': 14.0.0
      '@material/rtl': 14.0.0
      '@material/tab-indicator': 14.0.0
      '@material/theme': 14.0.0
      '@material/typography': 14.0.0
      tslib: 2.7.0

  '@material/textfield@14.0.0':
    dependencies:
      '@material/animation': 14.0.0
      '@material/base': 14.0.0
      '@material/density': 14.0.0
      '@material/dom': 14.0.0
      '@material/feature-targeting': 14.0.0
      '@material/floating-label': 14.0.0
      '@material/line-ripple': 14.0.0
      '@material/notched-outline': 14.0.0
      '@material/ripple': 14.0.0
      '@material/rtl': 14.0.0
      '@material/shape': 14.0.0
      '@material/theme': 14.0.0
      '@material/tokens': 14.0.0
      '@material/typography': 14.0.0
      tslib: 2.7.0

  '@material/theme@14.0.0':
    dependencies:
      '@material/feature-targeting': 14.0.0
      tslib: 2.7.0

  '@material/tokens@14.0.0':
    dependencies:
      '@material/elevation': 14.0.0

  '@material/tooltip@14.0.0':
    dependencies:
      '@material/animation': 14.0.0
      '@material/base': 14.0.0
      '@material/dom': 14.0.0
      '@material/elevation': 14.0.0
      '@material/feature-targeting': 14.0.0
      '@material/rtl': 14.0.0
      '@material/shape': 14.0.0
      '@material/theme': 14.0.0
      '@material/typography': 14.0.0
      tslib: 2.7.0

  '@material/top-app-bar@14.0.0':
    dependencies:
      '@material/animation': 14.0.0
      '@material/base': 14.0.0
      '@material/elevation': 14.0.0
      '@material/ripple': 14.0.0
      '@material/rtl': 14.0.0
      '@material/shape': 14.0.0
      '@material/theme': 14.0.0
      '@material/typography': 14.0.0
      tslib: 2.7.0

  '@material/touch-target@14.0.0':
    dependencies:
      '@material/base': 14.0.0
      '@material/feature-targeting': 14.0.0
      '@material/rtl': 14.0.0
      tslib: 2.7.0

  '@material/typography@14.0.0':
    dependencies:
      '@material/feature-targeting': 14.0.0
      '@material/theme': 14.0.0
      tslib: 2.7.0

  '@material/web@2.2.0':
    dependencies:
      lit: 3.2.0
      tslib: 2.7.0

  '@rollup/plugin-node-resolve@13.3.0(rollup@2.79.1)':
    dependencies:
      '@rollup/pluginutils': 3.1.0(rollup@2.79.1)
      '@types/resolve': 1.17.1
      deepmerge: 4.3.1
      is-builtin-module: 3.2.1
      is-module: 1.0.0
      resolve: 1.22.8
      rollup: 2.79.1

  '@rollup/plugin-replace@5.0.7(rollup@2.79.1)':
    dependencies:
      '@rollup/pluginutils': 5.1.0(rollup@2.79.1)
      magic-string: 0.30.11
    optionalDependencies:
      rollup: 2.79.1

  '@rollup/pluginutils@3.1.0(rollup@2.79.1)':
    dependencies:
      '@types/estree': 0.0.39
      estree-walker: 1.0.1
      picomatch: 2.3.1
      rollup: 2.79.1

  '@rollup/pluginutils@5.1.0(rollup@2.79.1)':
    dependencies:
      '@types/estree': 1.0.6
      estree-walker: 2.0.2
      picomatch: 2.3.1
    optionalDependencies:
      rollup: 2.79.1

  '@types/estree@0.0.39': {}

  '@types/estree@1.0.6': {}

  '@types/node@22.5.5':
    dependencies:
      undici-types: 6.19.8

  '@types/resolve@1.17.1':
    dependencies:
      '@types/node': 22.5.5

  '@types/trusted-types@2.0.7': {}

  acorn@8.12.1: {}

  ansi-regex@5.0.1: {}

  anymatch@3.1.3:
    dependencies:
      normalize-path: 3.0.0
      picomatch: 2.3.1

  binary-extensions@2.3.0: {}

  braces@3.0.3:
    dependencies:
      fill-range: 7.1.1

  brotli-size@4.0.0:
    dependencies:
      duplexer: 0.1.1

  buffer-from@1.1.2: {}

  builtin-modules@3.3.0: {}

  chokidar@3.6.0:
    dependencies:
      anymatch: 3.1.3
      braces: 3.0.3
      glob-parent: 5.1.2
      is-binary-path: 2.1.0
      is-glob: 4.0.3
      normalize-path: 3.0.0
      readdirp: 3.6.0
    optionalDependencies:
      fsevents: 2.3.3

  cli-table3@0.6.5:
    dependencies:
      string-width: 4.2.3
    optionalDependencies:
      '@colors/colors': 1.5.0

  commander@2.20.3: {}

  deepmerge@4.3.1: {}

  duplexer@0.1.1: {}

  duplexer@0.1.2: {}

  emoji-regex@8.0.0: {}

  estree-walker@1.0.1: {}

  estree-walker@2.0.2: {}

  filesize@8.0.7: {}

  fill-range@7.1.1:
    dependencies:
      to-regex-range: 5.0.1

  fsevents@2.3.3:
    optional: true

  function-bind@1.1.2: {}

  glob-parent@5.1.2:
    dependencies:
      is-glob: 4.0.3

  gzip-size@7.0.0:
    dependencies:
      duplexer: 0.1.2

  hasown@2.0.2:
    dependencies:
      function-bind: 1.1.2

  is-binary-path@2.1.0:
    dependencies:
      binary-extensions: 2.3.0

  is-builtin-module@3.2.1:
    dependencies:
      builtin-modules: 3.3.0

  is-core-module@2.15.1:
    dependencies:
      hasown: 2.0.2

  is-extglob@2.1.1: {}

  is-fullwidth-code-point@3.0.0: {}

  is-glob@4.0.3:
    dependencies:
      is-extglob: 2.1.1

  is-module@1.0.0: {}

  is-number@7.0.0: {}

  lit-element@4.1.0:
    dependencies:
      '@lit-labs/ssr-dom-shim': 1.2.1
      '@lit/reactive-element': 2.0.4
      lit-html: 3.2.0

  lit-html@3.2.0:
    dependencies:
      '@types/trusted-types': 2.0.7

  lit@3.2.0:
    dependencies:
      '@lit/reactive-element': 2.0.4
      lit-element: 4.1.0
      lit-html: 3.2.0

  magic-string@0.30.11:
    dependencies:
      '@jridgewell/sourcemap-codec': 1.5.0

  material-components-web@14.0.0:
    dependencies:
      '@material/animation': 14.0.0
      '@material/auto-init': 14.0.0
      '@material/banner': 14.0.0
      '@material/base': 14.0.0
      '@material/button': 14.0.0
      '@material/card': 14.0.0
      '@material/checkbox': 14.0.0
      '@material/chips': 14.0.0
      '@material/circular-progress': 14.0.0
      '@material/data-table': 14.0.0
      '@material/density': 14.0.0
      '@material/dialog': 14.0.0
      '@material/dom': 14.0.0
      '@material/drawer': 14.0.0
      '@material/elevation': 14.0.0
      '@material/fab': 14.0.0
      '@material/feature-targeting': 14.0.0
      '@material/floating-label': 14.0.0
      '@material/focus-ring': 14.0.0
      '@material/form-field': 14.0.0
      '@material/icon-button': 14.0.0
      '@material/image-list': 14.0.0
      '@material/layout-grid': 14.0.0
      '@material/line-ripple': 14.0.0
      '@material/linear-progress': 14.0.0
      '@material/list': 14.0.0
      '@material/menu': 14.0.0
      '@material/menu-surface': 14.0.0
      '@material/notched-outline': 14.0.0
      '@material/radio': 14.0.0
      '@material/ripple': 14.0.0
      '@material/rtl': 14.0.0
      '@material/segmented-button': 14.0.0
      '@material/select': 14.0.0
      '@material/shape': 14.0.0
      '@material/slider': 14.0.0
      '@material/snackbar': 14.0.0
      '@material/switch': 14.0.0
      '@material/tab': 14.0.0
      '@material/tab-bar': 14.0.0
      '@material/tab-indicator': 14.0.0
      '@material/tab-scroller': 14.0.0
      '@material/textfield': 14.0.0
      '@material/theme': 14.0.0
      '@material/tokens': 14.0.0
      '@material/tooltip': 14.0.0
      '@material/top-app-bar': 14.0.0
      '@material/touch-target': 14.0.0
      '@material/typography': 14.0.0

  normalize-path@3.0.0: {}

  path-parse@1.0.7: {}

  picomatch@2.3.1: {}

  readdirp@3.6.0:
    dependencies:
      picomatch: 2.3.1

  regexp@1.0.0: {}

  resolve@1.22.8:
    dependencies:
      is-core-module: 2.15.1
      path-parse: 1.0.7
      supports-preserve-symlinks-flag: 1.0.0

  rollup-plugin-summary@1.4.3(rollup@2.79.1):
    dependencies:
      brotli-size: 4.0.0
      cli-table3: 0.6.5
      filesize: 8.0.7
      gzip-size: 7.0.0
      rollup: 2.79.1
      terser: 5.33.0

  rollup@2.79.1:
    optionalDependencies:
      fsevents: 2.3.3

  sass@1.39.2:
    dependencies:
      chokidar: 3.6.0

  source-map-support@0.5.21:
    dependencies:
      buffer-from: 1.1.2
      source-map: 0.6.1

  source-map@0.6.1: {}

  string-width@4.2.3:
    dependencies:
      emoji-regex: 8.0.0
      is-fullwidth-code-point: 3.0.0
      strip-ansi: 6.0.1

  strip-ansi@6.0.1:
    dependencies:
      ansi-regex: 5.0.1

  supports-preserve-symlinks-flag@1.0.0: {}

  terser@5.33.0:
    dependencies:
      '@jridgewell/source-map': 0.3.6
      acorn: 8.12.1
      commander: 2.20.3
      source-map-support: 0.5.21

  to-regex-range@5.0.1:
    dependencies:
      is-number: 7.0.0

  tslib@2.7.0: {}

  typescript@5.6.2: {}

  undici-types@6.19.8: {}
